// !$*UTF8*$!
{
	archiveVersion = 1;
	classes = {
	};
	objectVersion = 46;
	objects = {

/* Begin PBXBuildFile section */
		A11A199D85580B7FF9FECF1C /* libPods-FreJun.a in Frameworks */ = {isa = PBXBuildFile; fileRef = 6258D8E464508862D16B6A1F /* libPods-FreJun.a */; };
		B4004EA41D841DE6002384CF /* Fabric.framework in Frameworks */ = {isa = PBXBuildFile; fileRef = B4004EA21D841DE6002384CF /* Fabric.framework */; };
		B4004EA51D841DE6002384CF /* Crashlytics.framework in Frameworks */ = {isa = PBXBuildFile; fileRef = B4004EA31D841DE6002384CF /* Crashlytics.framework */; };
		B40537351D66F5BE0036FB02 /* SettingsTableViewController.m in Sources */ = {isa = PBXBuildFile; fileRef = B40537341D66F5BE0036FB02 /* SettingsTableViewController.m */; };
		B40537391D66FC550036FB02 /* AccountsTableViewController.m in Sources */ = {isa = PBXBuildFile; fileRef = B40537381D66FC550036FB02 /* AccountsTableViewController.m */; };
		B40DC1781D894B4600BA3788 /* EditEventTableViewController.m in Sources */ = {isa = PBXBuildFile; fileRef = B40DC1771D894B4600BA3788 /* EditEventTableViewController.m */; };
		B412D3981D6738A200EE09E0 /* NotificationsTableViewController.m in Sources */ = {isa = PBXBuildFile; fileRef = B412D3971D6738A200EE09E0 /* NotificationsTableViewController.m */; };
		B41638DA1D696AD300B7F015 /* AddEventTableViewController.m in Sources */ = {isa = PBXBuildFile; fileRef = B41638D91D696AD300B7F015 /* AddEventTableViewController.m */; };
		B41C578E1DC34E4200841211 /* sound2.mp3 in Resources */ = {isa = PBXBuildFile; fileRef = B41C578B1DC34E4200841211 /* sound2.mp3 */; };
		B41C578F1DC34E4200841211 /* sound1.mp3 in Resources */ = {isa = PBXBuildFile; fileRef = B41C578C1DC34E4200841211 /* sound1.mp3 */; };
		B41C57901DC34E4200841211 /* sound3.mp3 in Resources */ = {isa = PBXBuildFile; fileRef = B41C578D1DC34E4200841211 /* sound3.mp3 */; };
		B41C57941DC3500100841211 /* sound1.caf in Resources */ = {isa = PBXBuildFile; fileRef = B41C57911DC34F7000841211 /* sound1.caf */; };
		B41C57951DC3500400841211 /* sound2.caf in Resources */ = {isa = PBXBuildFile; fileRef = B41C57921DC34F7000841211 /* sound2.caf */; };
		B41C57961DC3500600841211 /* sound3.caf in Resources */ = {isa = PBXBuildFile; fileRef = B41C57931DC34F7000841211 /* sound3.caf */; };
		B424FEAD1D7B0D40005FEDE9 /* UserPrefrencesTableViewController.m in Sources */ = {isa = PBXBuildFile; fileRef = B424FEAC1D7B0D40005FEDE9 /* UserPrefrencesTableViewController.m */; };
		B426D3241D708EA800624F5F /* dataclass.m in Sources */ = {isa = PBXBuildFile; fileRef = B426D3231D708EA800624F5F /* dataclass.m */; };
		B426D32B1D70AE6A00624F5F /* color1.jpg in Resources */ = {isa = PBXBuildFile; fileRef = B426D3261D70AE6A00624F5F /* color1.jpg */; };
		B426D32C1D70AE6A00624F5F /* color2.jpg in Resources */ = {isa = PBXBuildFile; fileRef = B426D3271D70AE6A00624F5F /* color2.jpg */; };
		B426D32D1D70AE6A00624F5F /* color3.jpg in Resources */ = {isa = PBXBuildFile; fileRef = B426D3281D70AE6A00624F5F /* color3.jpg */; };
		B426D32E1D70AE6A00624F5F /* color4.jpg in Resources */ = {isa = PBXBuildFile; fileRef = B426D3291D70AE6A00624F5F /* color4.jpg */; };
		B426D32F1D70AE6A00624F5F /* color5.jpg in Resources */ = {isa = PBXBuildFile; fileRef = B426D32A1D70AE6A00624F5F /* color5.jpg */; };
		B426D3361D70B4AE00624F5F /* accountsTableViewCell.m in Sources */ = {isa = PBXBuildFile; fileRef = B426D3341D70B4AE00624F5F /* accountsTableViewCell.m */; };
		B426D3371D70B4AE00624F5F /* accountsTableViewCell.xib in Resources */ = {isa = PBXBuildFile; fileRef = B426D3351D70B4AE00624F5F /* accountsTableViewCell.xib */; };
		B426D33B1D71269B00624F5F /* mainTableViewCell.m in Sources */ = {isa = PBXBuildFile; fileRef = B426D3391D71269B00624F5F /* mainTableViewCell.m */; };
		B426D33C1D71269B00624F5F /* mainTableViewCell.xib in Resources */ = {isa = PBXBuildFile; fileRef = B426D33A1D71269B00624F5F /* mainTableViewCell.xib */; };
		B42D7FA01DF2D95C00B87DFD /* eventInvitaionViewController.m in Sources */ = {isa = PBXBuildFile; fileRef = B42D7F9F1DF2D95C00B87DFD /* eventInvitaionViewController.m */; };
		B4392C321D796B0900E86E56 /* NSMutableArray+SWUtilityButtons.m in Sources */ = {isa = PBXBuildFile; fileRef = B4392C271D796B0900E86E56 /* NSMutableArray+SWUtilityButtons.m */; };
		B4392C331D796B0900E86E56 /* SWCellScrollView.m in Sources */ = {isa = PBXBuildFile; fileRef = B4392C291D796B0900E86E56 /* SWCellScrollView.m */; };
		B4392C341D796B0900E86E56 /* SWLongPressGestureRecognizer.m in Sources */ = {isa = PBXBuildFile; fileRef = B4392C2B1D796B0900E86E56 /* SWLongPressGestureRecognizer.m */; };
		B4392C351D796B0900E86E56 /* SWTableViewCell.m in Sources */ = {isa = PBXBuildFile; fileRef = B4392C2D1D796B0900E86E56 /* SWTableViewCell.m */; };
		B4392C361D796B0900E86E56 /* SWUtilityButtonTapGestureRecognizer.m in Sources */ = {isa = PBXBuildFile; fileRef = B4392C2F1D796B0900E86E56 /* SWUtilityButtonTapGestureRecognizer.m */; };
		B4392C371D796B0900E86E56 /* SWUtilityButtonView.m in Sources */ = {isa = PBXBuildFile; fileRef = B4392C311D796B0900E86E56 /* SWUtilityButtonView.m */; };
		B4392C3B1D79747500E86E56 /* dust.png in Resources */ = {isa = PBXBuildFile; fileRef = B4392C381D79747500E86E56 /* dust.png */; };
		B4392C3C1D79747500E86E56 /* penc.png in Resources */ = {isa = PBXBuildFile; fileRef = B4392C391D79747500E86E56 /* penc.png */; };
		B4392C3D1D79747500E86E56 /* shar.png in Resources */ = {isa = PBXBuildFile; fileRef = B4392C3A1D79747500E86E56 /* shar.png */; };
		B44024AB1D5C69B1002DB6DE /* login_back_image.jpg in Resources */ = {isa = PBXBuildFile; fileRef = B44024AA1D5C69B1002DB6DE /* login_back_image.jpg */; };
		B44211141D6B02A900CE82CD /* PreferencesTableViewController.m in Sources */ = {isa = PBXBuildFile; fileRef = B44211131D6B02A900CE82CD /* PreferencesTableViewController.m */; };
		B4527D6D1D685147006E6969 /* calenderTableViewCell.xib in Resources */ = {isa = PBXBuildFile; fileRef = B4527D6C1D685147006E6969 /* calenderTableViewCell.xib */; };
		B4527D701D685212006E6969 /* calenderTableViewCell.m in Sources */ = {isa = PBXBuildFile; fileRef = B4527D6F1D685212006E6969 /* calenderTableViewCell.m */; };
		B45F920B1D71DBB500B69267 /* ZFTokenField.m in Sources */ = {isa = PBXBuildFile; fileRef = B45F920A1D71DBB500B69267 /* ZFTokenField.m */; };
		B45F920D1D71DBC200B69267 /* TokenView.xib in Resources */ = {isa = PBXBuildFile; fileRef = B45F920C1D71DBC200B69267 /* TokenView.xib */; };
		B465CA331D5B05CA00E83C30 /* google-login-button.png in Resources */ = {isa = PBXBuildFile; fileRef = B465CA321D5B05CA00E83C30 /* google-login-button.png */; };
		B465CA361D5B092D00E83C30 /* mainViewController.m in Sources */ = {isa = PBXBuildFile; fileRef = B465CA351D5B092D00E83C30 /* mainViewController.m */; };
		B465CA411D5B0D7100E83C30 /* DateUtil.m in Sources */ = {isa = PBXBuildFile; fileRef = B465CA391D5B0D7100E83C30 /* DateUtil.m */; };
		B465CA421D5B0D7100E83C30 /* DMLazyScrollView.m in Sources */ = {isa = PBXBuildFile; fileRef = B465CA3B1D5B0D7100E83C30 /* DMLazyScrollView.m */; };
		B465CA431D5B0D7100E83C30 /* SACalendar.m in Sources */ = {isa = PBXBuildFile; fileRef = B465CA3D1D5B0D7100E83C30 /* SACalendar.m */; };
		B465CA441D5B0D7100E83C30 /* SACalendarCell.m in Sources */ = {isa = PBXBuildFile; fileRef = B465CA3F1D5B0D7100E83C30 /* SACalendarCell.m */; };
		B465CA491D5B44E000E83C30 /* handle.png in Resources */ = {isa = PBXBuildFile; fileRef = B465CA481D5B44E000E83C30 /* handle.png */; };
		B477C5911DC28DA800E63411 /* UIBarButtonItem+WEPopover.m in Sources */ = {isa = PBXBuildFile; fileRef = B477C55B1DC28DA800E63411 /* UIBarButtonItem+WEPopover.m */; };
		B477C5921DC28DA800E63411 /* UIView+WEPopover.m in Sources */ = {isa = PBXBuildFile; fileRef = B477C55D1DC28DA800E63411 /* UIView+WEPopover.m */; };
		B477C5931DC28DA800E63411 /* WEBlockingGestureRecognizer.m in Sources */ = {isa = PBXBuildFile; fileRef = B477C55F1DC28DA800E63411 /* WEBlockingGestureRecognizer.m */; };
		B477C5941DC28DA800E63411 /* WEPopoverContainerView.m in Sources */ = {isa = PBXBuildFile; fileRef = B477C5611DC28DA800E63411 /* WEPopoverContainerView.m */; };
		B477C5951DC28DA800E63411 /* WEPopoverContainerViewProperties.m in Sources */ = {isa = PBXBuildFile; fileRef = B477C5631DC28DA800E63411 /* WEPopoverContainerViewProperties.m */; };
		B477C5961DC28DA800E63411 /* WEPopoverController.m in Sources */ = {isa = PBXBuildFile; fileRef = B477C5651DC28DA800E63411 /* WEPopoverController.m */; };
		B477C5971DC28DA800E63411 /* WETouchableView.m in Sources */ = {isa = PBXBuildFile; fileRef = B477C5681DC28DA800E63411 /* WETouchableView.m */; };
		B477C5981DC28DA800E63411 /* WEWeakReference.m in Sources */ = {isa = PBXBuildFile; fileRef = B477C56A1DC28DA800E63411 /* WEWeakReference.m */; };
		B477C5991DC28DA800E63411 /* WEColorUtils.m in Sources */ = {isa = PBXBuildFile; fileRef = B477C56C1DC28DA800E63411 /* WEColorUtils.m */; };
		B477C59A1DC28DA800E63411 /* WECustomPopoverController.m in Sources */ = {isa = PBXBuildFile; fileRef = B477C56E1DC28DA800E63411 /* WECustomPopoverController.m */; };
		B477C59B1DC28DA800E63411 /* WEPopoverAppDelegate.m in Sources */ = {isa = PBXBuildFile; fileRef = B477C5701DC28DA800E63411 /* WEPopoverAppDelegate.m */; };
		B477C59C1DC28DA800E63411 /* WEPopoverContentViewController.m in Sources */ = {isa = PBXBuildFile; fileRef = B477C5721DC28DA800E63411 /* WEPopoverContentViewController.m */; };
		B477C59D1DC28DA800E63411 /* WEPopoverTableViewController.m in Sources */ = {isa = PBXBuildFile; fileRef = B477C5741DC28DA800E63411 /* WEPopoverTableViewController.m */; };
		B477C59E1DC28DA800E63411 /* WEPopoverViewController.m in Sources */ = {isa = PBXBuildFile; fileRef = B477C5761DC28DA800E63411 /* WEPopoverViewController.m */; };
		B477C59F1DC28DA800E63411 /* MainWindow.xib in Resources */ = {isa = PBXBuildFile; fileRef = B477C5781DC28DA800E63411 /* MainWindow.xib */; };
		B477C5A01DC28DA800E63411 /* CustomPopover.xcassets in Resources */ = {isa = PBXBuildFile; fileRef = B477C57B1DC28DA800E63411 /* CustomPopover.xcassets */; };
		B477C5A11DC28DA800E63411 /* popoverArrowDown-white@2x.png in Resources */ = {isa = PBXBuildFile; fileRef = B477C57C1DC28DA800E63411 /* popoverArrowDown-white@2x.png */; };
		B477C5A21DC28DA800E63411 /* popoverArrowDown.png in Resources */ = {isa = PBXBuildFile; fileRef = B477C57D1DC28DA800E63411 /* popoverArrowDown.png */; };
		B477C5A31DC28DA800E63411 /* popoverArrowDown@2x.png in Resources */ = {isa = PBXBuildFile; fileRef = B477C57E1DC28DA800E63411 /* popoverArrowDown@2x.png */; };
		B477C5A41DC28DA800E63411 /* popoverArrowDownSimple.png in Resources */ = {isa = PBXBuildFile; fileRef = B477C57F1DC28DA800E63411 /* popoverArrowDownSimple.png */; };
		B477C5A51DC28DA800E63411 /* popoverArrowLeft-white@2x.png in Resources */ = {isa = PBXBuildFile; fileRef = B477C5801DC28DA800E63411 /* popoverArrowLeft-white@2x.png */; };
		B477C5A61DC28DA800E63411 /* popoverArrowLeft.png in Resources */ = {isa = PBXBuildFile; fileRef = B477C5811DC28DA800E63411 /* popoverArrowLeft.png */; };
		B477C5A71DC28DA800E63411 /* popoverArrowLeft@2x.png in Resources */ = {isa = PBXBuildFile; fileRef = B477C5821DC28DA800E63411 /* popoverArrowLeft@2x.png */; };
		B477C5A81DC28DA800E63411 /* popoverArrowLeftSimple.png in Resources */ = {isa = PBXBuildFile; fileRef = B477C5831DC28DA800E63411 /* popoverArrowLeftSimple.png */; };
		B477C5A91DC28DA800E63411 /* popoverArrowRight-white@2x.png in Resources */ = {isa = PBXBuildFile; fileRef = B477C5841DC28DA800E63411 /* popoverArrowRight-white@2x.png */; };
		B477C5AA1DC28DA800E63411 /* popoverArrowRight.png in Resources */ = {isa = PBXBuildFile; fileRef = B477C5851DC28DA800E63411 /* popoverArrowRight.png */; };
		B477C5AB1DC28DA800E63411 /* popoverArrowRight@2x.png in Resources */ = {isa = PBXBuildFile; fileRef = B477C5861DC28DA800E63411 /* popoverArrowRight@2x.png */; };
		B477C5AC1DC28DA800E63411 /* popoverArrowRightSimple.png in Resources */ = {isa = PBXBuildFile; fileRef = B477C5871DC28DA800E63411 /* popoverArrowRightSimple.png */; };
		B477C5AD1DC28DA800E63411 /* popoverArrowUp-white@2x.png in Resources */ = {isa = PBXBuildFile; fileRef = B477C5881DC28DA800E63411 /* popoverArrowUp-white@2x.png */; };
		B477C5AE1DC28DA800E63411 /* popoverArrowUp.png in Resources */ = {isa = PBXBuildFile; fileRef = B477C5891DC28DA800E63411 /* popoverArrowUp.png */; };
		B477C5AF1DC28DA800E63411 /* popoverArrowUp@2x.png in Resources */ = {isa = PBXBuildFile; fileRef = B477C58A1DC28DA800E63411 /* popoverArrowUp@2x.png */; };
		B477C5B01DC28DA800E63411 /* popoverArrowUpSimple.png in Resources */ = {isa = PBXBuildFile; fileRef = B477C58B1DC28DA800E63411 /* popoverArrowUpSimple.png */; };
		B477C5B11DC28DA800E63411 /* popoverBg-white@2x.png in Resources */ = {isa = PBXBuildFile; fileRef = B477C58C1DC28DA800E63411 /* popoverBg-white@2x.png */; };
		B477C5B21DC28DA800E63411 /* popoverBg.png in Resources */ = {isa = PBXBuildFile; fileRef = B477C58D1DC28DA800E63411 /* popoverBg.png */; };
		B477C5B31DC28DA800E63411 /* popoverBg@2x.png in Resources */ = {isa = PBXBuildFile; fileRef = B477C58E1DC28DA800E63411 /* popoverBg@2x.png */; };
		B477C5B41DC28DA800E63411 /* popoverBgSimple.png in Resources */ = {isa = PBXBuildFile; fileRef = B477C58F1DC28DA800E63411 /* popoverBgSimple.png */; };
		B477C5B51DC28DA800E63411 /* WEPopoverViewController.xib in Resources */ = {isa = PBXBuildFile; fileRef = B477C5901DC28DA800E63411 /* WEPopoverViewController.xib */; };
		B477ECE01D7149550088FF3B /* MLPAutoCompleteTextField.m in Sources */ = {isa = PBXBuildFile; fileRef = B477ECD41D7149550088FF3B /* MLPAutoCompleteTextField.m */; };
		B477ECE11D7149550088FF3B /* NSString+Levenshtein.m in Sources */ = {isa = PBXBuildFile; fileRef = B477ECD91D7149550088FF3B /* NSString+Levenshtein.m */; };
		B477ECE21D7149550088FF3B /* MVPlaceSearchTextField.m in Sources */ = {isa = PBXBuildFile; fileRef = B477ECDB1D7149550088FF3B /* MVPlaceSearchTextField.m */; };
		B477ECE31D7149550088FF3B /* PlaceDetail.m in Sources */ = {isa = PBXBuildFile; fileRef = B477ECDD1D7149550088FF3B /* PlaceDetail.m */; };
		B477ECE41D7149550088FF3B /* PlaceObject.m in Sources */ = {isa = PBXBuildFile; fileRef = B477ECDF1D7149550088FF3B /* PlaceObject.m */; };
		B477ECEA1D7188E70088FF3B /* tick.png in Resources */ = {isa = PBXBuildFile; fileRef = B477ECE91D7188E70088FF3B /* tick.png */; };
		B477ECEE1D71A54E0088FF3B /* ContactList.m in Sources */ = {isa = PBXBuildFile; fileRef = B477ECED1D71A54E0088FF3B /* ContactList.m */; };
		B477ECF01D71A5A50088FF3B /* Contacts.framework in Frameworks */ = {isa = PBXBuildFile; fileRef = B477ECEF1D71A5A50088FF3B /* Contacts.framework */; };
		B477ECF21D71A5AC0088FF3B /* AddressBook.framework in Frameworks */ = {isa = PBXBuildFile; fileRef = B477ECF11D71A5AC0088FF3B /* AddressBook.framework */; };
		B477ECF41D71A5B30088FF3B /* AddressBookUI.framework in Frameworks */ = {isa = PBXBuildFile; fileRef = B477ECF31D71A5B30088FF3B /* AddressBookUI.framework */; };
		B477ECF81D71C8670088FF3B /* MPGTextField.m in Sources */ = {isa = PBXBuildFile; fileRef = B477ECF71D71C8670088FF3B /* MPGTextField.m */; };
		B47EDD2E1D5A00080003A602 /* main.m in Sources */ = {isa = PBXBuildFile; fileRef = B47EDD2D1D5A00080003A602 /* main.m */; };
		B47EDD311D5A00080003A602 /* AppDelegate.m in Sources */ = {isa = PBXBuildFile; fileRef = B47EDD301D5A00080003A602 /* AppDelegate.m */; };
		B47EDD341D5A00080003A602 /* ViewController.m in Sources */ = {isa = PBXBuildFile; fileRef = B47EDD331D5A00080003A602 /* ViewController.m */; };
		B47EDD371D5A00080003A602 /* Main.storyboard in Resources */ = {isa = PBXBuildFile; fileRef = B47EDD351D5A00080003A602 /* Main.storyboard */; };
		B47EDD3A1D5A00080003A602 /* FreJun.xcdatamodeld in Sources */ = {isa = PBXBuildFile; fileRef = B47EDD381D5A00080003A602 /* FreJun.xcdatamodeld */; };
		B47EDD3C1D5A00080003A602 /* Assets.xcassets in Resources */ = {isa = PBXBuildFile; fileRef = B47EDD3B1D5A00080003A602 /* Assets.xcassets */; };
		B47EDD3F1D5A00080003A602 /* LaunchScreen.storyboard in Resources */ = {isa = PBXBuildFile; fileRef = B47EDD3D1D5A00080003A602 /* LaunchScreen.storyboard */; };
		B47EDD4A1D5A00080003A602 /* FreJunTests.m in Sources */ = {isa = PBXBuildFile; fileRef = B47EDD491D5A00080003A602 /* FreJunTests.m */; };
		B47EDD551D5A00080003A602 /* FreJunUITests.m in Sources */ = {isa = PBXBuildFile; fileRef = B47EDD541D5A00080003A602 /* FreJunUITests.m */; };
		B47EDD631D5A005E0003A602 /* Podfile in Resources */ = {isa = PBXBuildFile; fileRef = B47EDD621D5A005E0003A602 /* Podfile */; };
		B47EDD651D5A01A30003A602 /* GoogleService-Info.plist in Resources */ = {isa = PBXBuildFile; fileRef = B47EDD641D5A01A30003A602 /* GoogleService-Info.plist */; };
		B47EDD661D5A01EC0003A602 /* GoogleService-Info.plist in Resources */ = {isa = PBXBuildFile; fileRef = B47EDD641D5A01A30003A602 /* GoogleService-Info.plist */; };
		B47EDD671D5A01ED0003A602 /* GoogleService-Info.plist in Resources */ = {isa = PBXBuildFile; fileRef = B47EDD641D5A01A30003A602 /* GoogleService-Info.plist */; };
		B4921E5B1D6361A700BE2C1F /* eventDetailsViewController.m in Sources */ = {isa = PBXBuildFile; fileRef = B4921E5A1D6361A700BE2C1F /* eventDetailsViewController.m */; };
		B4921E5E1D639A8900BE2C1F /* eventRequestViewController.m in Sources */ = {isa = PBXBuildFile; fileRef = B4921E5D1D639A8900BE2C1F /* eventRequestViewController.m */; };
		B4AA79FA1D7DE1BE005829DD /* SearchResultsViewController.m in Sources */ = {isa = PBXBuildFile; fileRef = B4AA79F91D7DE1BE005829DD /* SearchResultsViewController.m */; };
		B4E664011D631C3B0034E7B9 /* calenderViewController.m in Sources */ = {isa = PBXBuildFile; fileRef = B4E664001D631C3B0034E7B9 /* calenderViewController.m */; };
/* End PBXBuildFile section */

/* Begin PBXContainerItemProxy section */
		B47EDD461D5A00080003A602 /* PBXContainerItemProxy */ = {
			isa = PBXContainerItemProxy;
			containerPortal = B47EDD211D5A00070003A602 /* Project object */;
			proxyType = 1;
			remoteGlobalIDString = B47EDD281D5A00070003A602;
			remoteInfo = FreJun;
		};
		B47EDD511D5A00080003A602 /* PBXContainerItemProxy */ = {
			isa = PBXContainerItemProxy;
			containerPortal = B47EDD211D5A00070003A602 /* Project object */;
			proxyType = 1;
			remoteGlobalIDString = B47EDD281D5A00070003A602;
			remoteInfo = FreJun;
		};
/* End PBXContainerItemProxy section */

/* Begin PBXFileReference section */
		128183CD1CB3BCDF1BE642AA /* Pods-FreJun.debug.xcconfig */ = {isa = PBXFileReference; includeInIndex = 1; lastKnownFileType = text.xcconfig; name = "Pods-FreJun.debug.xcconfig"; path = "Pods/Target Support Files/Pods-FreJun/Pods-FreJun.debug.xcconfig"; sourceTree = "<group>"; };
		1BE849068AA2C4578A9AB8C1 /* Pods-FreJun.release.xcconfig */ = {isa = PBXFileReference; includeInIndex = 1; lastKnownFileType = text.xcconfig; name = "Pods-FreJun.release.xcconfig"; path = "Pods/Target Support Files/Pods-FreJun/Pods-FreJun.release.xcconfig"; sourceTree = "<group>"; };
		6258D8E464508862D16B6A1F /* libPods-FreJun.a */ = {isa = PBXFileReference; explicitFileType = archive.ar; includeInIndex = 0; path = "libPods-FreJun.a"; sourceTree = BUILT_PRODUCTS_DIR; };
		B4004EA21D841DE6002384CF /* Fabric.framework */ = {isa = PBXFileReference; lastKnownFileType = wrapper.framework; path = Fabric.framework; sourceTree = "<group>"; };
		B4004EA31D841DE6002384CF /* Crashlytics.framework */ = {isa = PBXFileReference; lastKnownFileType = wrapper.framework; path = Crashlytics.framework; sourceTree = "<group>"; };
		B40537331D66F5BE0036FB02 /* SettingsTableViewController.h */ = {isa = PBXFileReference; fileEncoding = 4; lastKnownFileType = sourcecode.c.h; path = SettingsTableViewController.h; sourceTree = "<group>"; };
		B40537341D66F5BE0036FB02 /* SettingsTableViewController.m */ = {isa = PBXFileReference; fileEncoding = 4; lastKnownFileType = sourcecode.c.objc; path = SettingsTableViewController.m; sourceTree = "<group>"; };
		B40537371D66FC550036FB02 /* AccountsTableViewController.h */ = {isa = PBXFileReference; fileEncoding = 4; lastKnownFileType = sourcecode.c.h; path = AccountsTableViewController.h; sourceTree = "<group>"; };
		B40537381D66FC550036FB02 /* AccountsTableViewController.m */ = {isa = PBXFileReference; fileEncoding = 4; lastKnownFileType = sourcecode.c.objc; path = AccountsTableViewController.m; sourceTree = "<group>"; };
		B40DC1761D894B4600BA3788 /* EditEventTableViewController.h */ = {isa = PBXFileReference; fileEncoding = 4; lastKnownFileType = sourcecode.c.h; path = EditEventTableViewController.h; sourceTree = "<group>"; };
		B40DC1771D894B4600BA3788 /* EditEventTableViewController.m */ = {isa = PBXFileReference; fileEncoding = 4; lastKnownFileType = sourcecode.c.objc; path = EditEventTableViewController.m; sourceTree = "<group>"; };
		B412D3961D6738A200EE09E0 /* NotificationsTableViewController.h */ = {isa = PBXFileReference; fileEncoding = 4; lastKnownFileType = sourcecode.c.h; path = NotificationsTableViewController.h; sourceTree = "<group>"; };
		B412D3971D6738A200EE09E0 /* NotificationsTableViewController.m */ = {isa = PBXFileReference; fileEncoding = 4; lastKnownFileType = sourcecode.c.objc; path = NotificationsTableViewController.m; sourceTree = "<group>"; };
		B41638D81D696AD300B7F015 /* AddEventTableViewController.h */ = {isa = PBXFileReference; fileEncoding = 4; lastKnownFileType = sourcecode.c.h; path = AddEventTableViewController.h; sourceTree = "<group>"; };
		B41638D91D696AD300B7F015 /* AddEventTableViewController.m */ = {isa = PBXFileReference; fileEncoding = 4; lastKnownFileType = sourcecode.c.objc; path = AddEventTableViewController.m; sourceTree = "<group>"; };
		B41C578B1DC34E4200841211 /* sound2.mp3 */ = {isa = PBXFileReference; lastKnownFileType = audio.mp3; path = sound2.mp3; sourceTree = "<group>"; };
		B41C578C1DC34E4200841211 /* sound1.mp3 */ = {isa = PBXFileReference; lastKnownFileType = audio.mp3; path = sound1.mp3; sourceTree = "<group>"; };
		B41C578D1DC34E4200841211 /* sound3.mp3 */ = {isa = PBXFileReference; lastKnownFileType = audio.mp3; path = sound3.mp3; sourceTree = "<group>"; };
		B41C57911DC34F7000841211 /* sound1.caf */ = {isa = PBXFileReference; lastKnownFileType = file; path = sound1.caf; sourceTree = "<group>"; };
		B41C57921DC34F7000841211 /* sound2.caf */ = {isa = PBXFileReference; lastKnownFileType = file; path = sound2.caf; sourceTree = "<group>"; };
		B41C57931DC34F7000841211 /* sound3.caf */ = {isa = PBXFileReference; lastKnownFileType = file; path = sound3.caf; sourceTree = "<group>"; };
		B424FEAB1D7B0D40005FEDE9 /* UserPrefrencesTableViewController.h */ = {isa = PBXFileReference; fileEncoding = 4; lastKnownFileType = sourcecode.c.h; path = UserPrefrencesTableViewController.h; sourceTree = "<group>"; };
		B424FEAC1D7B0D40005FEDE9 /* UserPrefrencesTableViewController.m */ = {isa = PBXFileReference; fileEncoding = 4; lastKnownFileType = sourcecode.c.objc; path = UserPrefrencesTableViewController.m; sourceTree = "<group>"; };
		B426D3211D708E1E00624F5F /* PrefixHeader.pch */ = {isa = PBXFileReference; lastKnownFileType = sourcecode.c.h; path = PrefixHeader.pch; sourceTree = "<group>"; };
		B426D3221D708EA800624F5F /* dataclass.h */ = {isa = PBXFileReference; fileEncoding = 4; lastKnownFileType = sourcecode.c.h; path = dataclass.h; sourceTree = "<group>"; };
		B426D3231D708EA800624F5F /* dataclass.m */ = {isa = PBXFileReference; fileEncoding = 4; lastKnownFileType = sourcecode.c.objc; path = dataclass.m; sourceTree = "<group>"; };
		B426D3261D70AE6A00624F5F /* color1.jpg */ = {isa = PBXFileReference; lastKnownFileType = image.jpeg; path = color1.jpg; sourceTree = "<group>"; };
		B426D3271D70AE6A00624F5F /* color2.jpg */ = {isa = PBXFileReference; lastKnownFileType = image.jpeg; path = color2.jpg; sourceTree = "<group>"; };
		B426D3281D70AE6A00624F5F /* color3.jpg */ = {isa = PBXFileReference; lastKnownFileType = image.jpeg; path = color3.jpg; sourceTree = "<group>"; };
		B426D3291D70AE6A00624F5F /* color4.jpg */ = {isa = PBXFileReference; lastKnownFileType = image.jpeg; path = color4.jpg; sourceTree = "<group>"; };
		B426D32A1D70AE6A00624F5F /* color5.jpg */ = {isa = PBXFileReference; lastKnownFileType = image.jpeg; path = color5.jpg; sourceTree = "<group>"; };
		B426D3331D70B4AE00624F5F /* accountsTableViewCell.h */ = {isa = PBXFileReference; fileEncoding = 4; lastKnownFileType = sourcecode.c.h; path = accountsTableViewCell.h; sourceTree = "<group>"; };
		B426D3341D70B4AE00624F5F /* accountsTableViewCell.m */ = {isa = PBXFileReference; fileEncoding = 4; lastKnownFileType = sourcecode.c.objc; path = accountsTableViewCell.m; sourceTree = "<group>"; };
		B426D3351D70B4AE00624F5F /* accountsTableViewCell.xib */ = {isa = PBXFileReference; fileEncoding = 4; lastKnownFileType = file.xib; path = accountsTableViewCell.xib; sourceTree = "<group>"; };
		B426D3381D71269B00624F5F /* mainTableViewCell.h */ = {isa = PBXFileReference; fileEncoding = 4; lastKnownFileType = sourcecode.c.h; path = mainTableViewCell.h; sourceTree = "<group>"; };
		B426D3391D71269B00624F5F /* mainTableViewCell.m */ = {isa = PBXFileReference; fileEncoding = 4; lastKnownFileType = sourcecode.c.objc; path = mainTableViewCell.m; sourceTree = "<group>"; };
		B426D33A1D71269B00624F5F /* mainTableViewCell.xib */ = {isa = PBXFileReference; fileEncoding = 4; lastKnownFileType = file.xib; path = mainTableViewCell.xib; sourceTree = "<group>"; };
		B42D7F9E1DF2D95C00B87DFD /* eventInvitaionViewController.h */ = {isa = PBXFileReference; fileEncoding = 4; lastKnownFileType = sourcecode.c.h; path = eventInvitaionViewController.h; sourceTree = "<group>"; };
		B42D7F9F1DF2D95C00B87DFD /* eventInvitaionViewController.m */ = {isa = PBXFileReference; fileEncoding = 4; lastKnownFileType = sourcecode.c.objc; path = eventInvitaionViewController.m; sourceTree = "<group>"; };
		B4392C261D796B0900E86E56 /* NSMutableArray+SWUtilityButtons.h */ = {isa = PBXFileReference; fileEncoding = 4; lastKnownFileType = sourcecode.c.h; path = "NSMutableArray+SWUtilityButtons.h"; sourceTree = "<group>"; };
		B4392C271D796B0900E86E56 /* NSMutableArray+SWUtilityButtons.m */ = {isa = PBXFileReference; fileEncoding = 4; lastKnownFileType = sourcecode.c.objc; path = "NSMutableArray+SWUtilityButtons.m"; sourceTree = "<group>"; };
		B4392C281D796B0900E86E56 /* SWCellScrollView.h */ = {isa = PBXFileReference; fileEncoding = 4; lastKnownFileType = sourcecode.c.h; path = SWCellScrollView.h; sourceTree = "<group>"; };
		B4392C291D796B0900E86E56 /* SWCellScrollView.m */ = {isa = PBXFileReference; fileEncoding = 4; lastKnownFileType = sourcecode.c.objc; path = SWCellScrollView.m; sourceTree = "<group>"; };
		B4392C2A1D796B0900E86E56 /* SWLongPressGestureRecognizer.h */ = {isa = PBXFileReference; fileEncoding = 4; lastKnownFileType = sourcecode.c.h; path = SWLongPressGestureRecognizer.h; sourceTree = "<group>"; };
		B4392C2B1D796B0900E86E56 /* SWLongPressGestureRecognizer.m */ = {isa = PBXFileReference; fileEncoding = 4; lastKnownFileType = sourcecode.c.objc; path = SWLongPressGestureRecognizer.m; sourceTree = "<group>"; };
		B4392C2C1D796B0900E86E56 /* SWTableViewCell.h */ = {isa = PBXFileReference; fileEncoding = 4; lastKnownFileType = sourcecode.c.h; path = SWTableViewCell.h; sourceTree = "<group>"; };
		B4392C2D1D796B0900E86E56 /* SWTableViewCell.m */ = {isa = PBXFileReference; fileEncoding = 4; lastKnownFileType = sourcecode.c.objc; path = SWTableViewCell.m; sourceTree = "<group>"; };
		B4392C2E1D796B0900E86E56 /* SWUtilityButtonTapGestureRecognizer.h */ = {isa = PBXFileReference; fileEncoding = 4; lastKnownFileType = sourcecode.c.h; path = SWUtilityButtonTapGestureRecognizer.h; sourceTree = "<group>"; };
		B4392C2F1D796B0900E86E56 /* SWUtilityButtonTapGestureRecognizer.m */ = {isa = PBXFileReference; fileEncoding = 4; lastKnownFileType = sourcecode.c.objc; path = SWUtilityButtonTapGestureRecognizer.m; sourceTree = "<group>"; };
		B4392C301D796B0900E86E56 /* SWUtilityButtonView.h */ = {isa = PBXFileReference; fileEncoding = 4; lastKnownFileType = sourcecode.c.h; path = SWUtilityButtonView.h; sourceTree = "<group>"; };
		B4392C311D796B0900E86E56 /* SWUtilityButtonView.m */ = {isa = PBXFileReference; fileEncoding = 4; lastKnownFileType = sourcecode.c.objc; path = SWUtilityButtonView.m; sourceTree = "<group>"; };
		B4392C381D79747500E86E56 /* dust.png */ = {isa = PBXFileReference; lastKnownFileType = image.png; path = dust.png; sourceTree = "<group>"; };
		B4392C391D79747500E86E56 /* penc.png */ = {isa = PBXFileReference; lastKnownFileType = image.png; path = penc.png; sourceTree = "<group>"; };
		B4392C3A1D79747500E86E56 /* shar.png */ = {isa = PBXFileReference; lastKnownFileType = image.png; path = shar.png; sourceTree = "<group>"; };
		B44024AA1D5C69B1002DB6DE /* login_back_image.jpg */ = {isa = PBXFileReference; lastKnownFileType = image.jpeg; path = login_back_image.jpg; sourceTree = "<group>"; };
		B44211121D6B02A900CE82CD /* PreferencesTableViewController.h */ = {isa = PBXFileReference; fileEncoding = 4; lastKnownFileType = sourcecode.c.h; path = PreferencesTableViewController.h; sourceTree = "<group>"; };
		B44211131D6B02A900CE82CD /* PreferencesTableViewController.m */ = {isa = PBXFileReference; fileEncoding = 4; lastKnownFileType = sourcecode.c.objc; path = PreferencesTableViewController.m; sourceTree = "<group>"; };
		B4527D6C1D685147006E6969 /* calenderTableViewCell.xib */ = {isa = PBXFileReference; fileEncoding = 4; lastKnownFileType = file.xib; path = calenderTableViewCell.xib; sourceTree = "<group>"; };
		B4527D6E1D685212006E6969 /* calenderTableViewCell.h */ = {isa = PBXFileReference; fileEncoding = 4; lastKnownFileType = sourcecode.c.h; path = calenderTableViewCell.h; sourceTree = "<group>"; };
		B4527D6F1D685212006E6969 /* calenderTableViewCell.m */ = {isa = PBXFileReference; fileEncoding = 4; lastKnownFileType = sourcecode.c.objc; path = calenderTableViewCell.m; sourceTree = "<group>"; };
		B453EE531DCB5D1500A5A6A2 /* FreJun.entitlements */ = {isa = PBXFileReference; lastKnownFileType = text.plist.entitlements; path = FreJun.entitlements; sourceTree = "<group>"; };
		B45F92091D71DBB500B69267 /* ZFTokenField.h */ = {isa = PBXFileReference; fileEncoding = 4; lastKnownFileType = sourcecode.c.h; path = ZFTokenField.h; sourceTree = "<group>"; };
		B45F920A1D71DBB500B69267 /* ZFTokenField.m */ = {isa = PBXFileReference; fileEncoding = 4; lastKnownFileType = sourcecode.c.objc; path = ZFTokenField.m; sourceTree = "<group>"; };
		B45F920C1D71DBC200B69267 /* TokenView.xib */ = {isa = PBXFileReference; fileEncoding = 4; lastKnownFileType = file.xib; path = TokenView.xib; sourceTree = "<group>"; };
		B465CA321D5B05CA00E83C30 /* google-login-button.png */ = {isa = PBXFileReference; lastKnownFileType = image.png; path = "google-login-button.png"; sourceTree = "<group>"; };
		B465CA341D5B092D00E83C30 /* mainViewController.h */ = {isa = PBXFileReference; fileEncoding = 4; lastKnownFileType = sourcecode.c.h; path = mainViewController.h; sourceTree = "<group>"; };
		B465CA351D5B092D00E83C30 /* mainViewController.m */ = {isa = PBXFileReference; fileEncoding = 4; lastKnownFileType = sourcecode.c.objc; path = mainViewController.m; sourceTree = "<group>"; };
		B465CA381D5B0D7100E83C30 /* DateUtil.h */ = {isa = PBXFileReference; fileEncoding = 4; lastKnownFileType = sourcecode.c.h; path = DateUtil.h; sourceTree = "<group>"; };
		B465CA391D5B0D7100E83C30 /* DateUtil.m */ = {isa = PBXFileReference; fileEncoding = 4; lastKnownFileType = sourcecode.c.objc; path = DateUtil.m; sourceTree = "<group>"; };
		B465CA3A1D5B0D7100E83C30 /* DMLazyScrollView.h */ = {isa = PBXFileReference; fileEncoding = 4; lastKnownFileType = sourcecode.c.h; path = DMLazyScrollView.h; sourceTree = "<group>"; };
		B465CA3B1D5B0D7100E83C30 /* DMLazyScrollView.m */ = {isa = PBXFileReference; fileEncoding = 4; lastKnownFileType = sourcecode.c.objc; path = DMLazyScrollView.m; sourceTree = "<group>"; };
		B465CA3C1D5B0D7100E83C30 /* SACalendar.h */ = {isa = PBXFileReference; fileEncoding = 4; lastKnownFileType = sourcecode.c.h; path = SACalendar.h; sourceTree = "<group>"; };
		B465CA3D1D5B0D7100E83C30 /* SACalendar.m */ = {isa = PBXFileReference; fileEncoding = 4; lastKnownFileType = sourcecode.c.objc; path = SACalendar.m; sourceTree = "<group>"; };
		B465CA3E1D5B0D7100E83C30 /* SACalendarCell.h */ = {isa = PBXFileReference; fileEncoding = 4; lastKnownFileType = sourcecode.c.h; path = SACalendarCell.h; sourceTree = "<group>"; };
		B465CA3F1D5B0D7100E83C30 /* SACalendarCell.m */ = {isa = PBXFileReference; fileEncoding = 4; lastKnownFileType = sourcecode.c.objc; path = SACalendarCell.m; sourceTree = "<group>"; };
		B465CA401D5B0D7100E83C30 /* SACalendarConstants.h */ = {isa = PBXFileReference; fileEncoding = 4; lastKnownFileType = sourcecode.c.h; path = SACalendarConstants.h; sourceTree = "<group>"; };
		B465CA481D5B44E000E83C30 /* handle.png */ = {isa = PBXFileReference; lastKnownFileType = image.png; path = handle.png; sourceTree = "<group>"; };
		B477C55A1DC28DA800E63411 /* UIBarButtonItem+WEPopover.h */ = {isa = PBXFileReference; fileEncoding = 4; lastKnownFileType = sourcecode.c.h; path = "UIBarButtonItem+WEPopover.h"; sourceTree = "<group>"; };
		B477C55B1DC28DA800E63411 /* UIBarButtonItem+WEPopover.m */ = {isa = PBXFileReference; fileEncoding = 4; lastKnownFileType = sourcecode.c.objc; path = "UIBarButtonItem+WEPopover.m"; sourceTree = "<group>"; };
		B477C55C1DC28DA800E63411 /* UIView+WEPopover.h */ = {isa = PBXFileReference; fileEncoding = 4; lastKnownFileType = sourcecode.c.h; path = "UIView+WEPopover.h"; sourceTree = "<group>"; };
		B477C55D1DC28DA800E63411 /* UIView+WEPopover.m */ = {isa = PBXFileReference; fileEncoding = 4; lastKnownFileType = sourcecode.c.objc; path = "UIView+WEPopover.m"; sourceTree = "<group>"; };
		B477C55E1DC28DA800E63411 /* WEBlockingGestureRecognizer.h */ = {isa = PBXFileReference; fileEncoding = 4; lastKnownFileType = sourcecode.c.h; path = WEBlockingGestureRecognizer.h; sourceTree = "<group>"; };
		B477C55F1DC28DA800E63411 /* WEBlockingGestureRecognizer.m */ = {isa = PBXFileReference; fileEncoding = 4; lastKnownFileType = sourcecode.c.objc; path = WEBlockingGestureRecognizer.m; sourceTree = "<group>"; };
		B477C5601DC28DA800E63411 /* WEPopoverContainerView.h */ = {isa = PBXFileReference; fileEncoding = 4; lastKnownFileType = sourcecode.c.h; path = WEPopoverContainerView.h; sourceTree = "<group>"; };
		B477C5611DC28DA800E63411 /* WEPopoverContainerView.m */ = {isa = PBXFileReference; fileEncoding = 4; lastKnownFileType = sourcecode.c.objc; path = WEPopoverContainerView.m; sourceTree = "<group>"; };
		B477C5621DC28DA800E63411 /* WEPopoverContainerViewProperties.h */ = {isa = PBXFileReference; fileEncoding = 4; lastKnownFileType = sourcecode.c.h; path = WEPopoverContainerViewProperties.h; sourceTree = "<group>"; };
		B477C5631DC28DA800E63411 /* WEPopoverContainerViewProperties.m */ = {isa = PBXFileReference; fileEncoding = 4; lastKnownFileType = sourcecode.c.objc; path = WEPopoverContainerViewProperties.m; sourceTree = "<group>"; };
		B477C5641DC28DA800E63411 /* WEPopoverController.h */ = {isa = PBXFileReference; fileEncoding = 4; lastKnownFileType = sourcecode.c.h; path = WEPopoverController.h; sourceTree = "<group>"; };
		B477C5651DC28DA800E63411 /* WEPopoverController.m */ = {isa = PBXFileReference; fileEncoding = 4; lastKnownFileType = sourcecode.c.objc; path = WEPopoverController.m; sourceTree = "<group>"; };
		B477C5661DC28DA800E63411 /* WEPopoverParentView.h */ = {isa = PBXFileReference; fileEncoding = 4; lastKnownFileType = sourcecode.c.h; path = WEPopoverParentView.h; sourceTree = "<group>"; };
		B477C5671DC28DA800E63411 /* WETouchableView.h */ = {isa = PBXFileReference; fileEncoding = 4; lastKnownFileType = sourcecode.c.h; path = WETouchableView.h; sourceTree = "<group>"; };
		B477C5681DC28DA800E63411 /* WETouchableView.m */ = {isa = PBXFileReference; fileEncoding = 4; lastKnownFileType = sourcecode.c.objc; path = WETouchableView.m; sourceTree = "<group>"; };
		B477C5691DC28DA800E63411 /* WEWeakReference.h */ = {isa = PBXFileReference; fileEncoding = 4; lastKnownFileType = sourcecode.c.h; path = WEWeakReference.h; sourceTree = "<group>"; };
		B477C56A1DC28DA800E63411 /* WEWeakReference.m */ = {isa = PBXFileReference; fileEncoding = 4; lastKnownFileType = sourcecode.c.objc; path = WEWeakReference.m; sourceTree = "<group>"; };
		B477C56B1DC28DA800E63411 /* WEColorUtils.h */ = {isa = PBXFileReference; fileEncoding = 4; lastKnownFileType = sourcecode.c.h; path = WEColorUtils.h; sourceTree = "<group>"; };
		B477C56C1DC28DA800E63411 /* WEColorUtils.m */ = {isa = PBXFileReference; fileEncoding = 4; lastKnownFileType = sourcecode.c.objc; path = WEColorUtils.m; sourceTree = "<group>"; };
		B477C56D1DC28DA800E63411 /* WECustomPopoverController.h */ = {isa = PBXFileReference; fileEncoding = 4; lastKnownFileType = sourcecode.c.h; path = WECustomPopoverController.h; sourceTree = "<group>"; };
		B477C56E1DC28DA800E63411 /* WECustomPopoverController.m */ = {isa = PBXFileReference; fileEncoding = 4; lastKnownFileType = sourcecode.c.objc; path = WECustomPopoverController.m; sourceTree = "<group>"; };
		B477C56F1DC28DA800E63411 /* WEPopoverAppDelegate.h */ = {isa = PBXFileReference; fileEncoding = 4; lastKnownFileType = sourcecode.c.h; path = WEPopoverAppDelegate.h; sourceTree = "<group>"; };
		B477C5701DC28DA800E63411 /* WEPopoverAppDelegate.m */ = {isa = PBXFileReference; fileEncoding = 4; lastKnownFileType = sourcecode.c.objc; path = WEPopoverAppDelegate.m; sourceTree = "<group>"; };
		B477C5711DC28DA800E63411 /* WEPopoverContentViewController.h */ = {isa = PBXFileReference; fileEncoding = 4; lastKnownFileType = sourcecode.c.h; path = WEPopoverContentViewController.h; sourceTree = "<group>"; };
		B477C5721DC28DA800E63411 /* WEPopoverContentViewController.m */ = {isa = PBXFileReference; fileEncoding = 4; lastKnownFileType = sourcecode.c.objc; path = WEPopoverContentViewController.m; sourceTree = "<group>"; };
		B477C5731DC28DA800E63411 /* WEPopoverTableViewController.h */ = {isa = PBXFileReference; fileEncoding = 4; lastKnownFileType = sourcecode.c.h; path = WEPopoverTableViewController.h; sourceTree = "<group>"; };
		B477C5741DC28DA800E63411 /* WEPopoverTableViewController.m */ = {isa = PBXFileReference; fileEncoding = 4; lastKnownFileType = sourcecode.c.objc; path = WEPopoverTableViewController.m; sourceTree = "<group>"; };
		B477C5751DC28DA800E63411 /* WEPopoverViewController.h */ = {isa = PBXFileReference; fileEncoding = 4; lastKnownFileType = sourcecode.c.h; path = WEPopoverViewController.h; sourceTree = "<group>"; };
		B477C5761DC28DA800E63411 /* WEPopoverViewController.m */ = {isa = PBXFileReference; fileEncoding = 4; lastKnownFileType = sourcecode.c.objc; path = WEPopoverViewController.m; sourceTree = "<group>"; };
		B477C5781DC28DA800E63411 /* MainWindow.xib */ = {isa = PBXFileReference; fileEncoding = 4; lastKnownFileType = file.xib; path = MainWindow.xib; sourceTree = "<group>"; };
		B477C57B1DC28DA800E63411 /* CustomPopover.xcassets */ = {isa = PBXFileReference; lastKnownFileType = folder.assetcatalog; path = CustomPopover.xcassets; sourceTree = "<group>"; };
		B477C57C1DC28DA800E63411 /* popoverArrowDown-white@2x.png */ = {isa = PBXFileReference; lastKnownFileType = image.png; path = "popoverArrowDown-white@2x.png"; sourceTree = "<group>"; };
		B477C57D1DC28DA800E63411 /* popoverArrowDown.png */ = {isa = PBXFileReference; lastKnownFileType = image.png; path = popoverArrowDown.png; sourceTree = "<group>"; };
		B477C57E1DC28DA800E63411 /* popoverArrowDown@2x.png */ = {isa = PBXFileReference; lastKnownFileType = image.png; path = "popoverArrowDown@2x.png"; sourceTree = "<group>"; };
		B477C57F1DC28DA800E63411 /* popoverArrowDownSimple.png */ = {isa = PBXFileReference; lastKnownFileType = image.png; path = popoverArrowDownSimple.png; sourceTree = "<group>"; };
		B477C5801DC28DA800E63411 /* popoverArrowLeft-white@2x.png */ = {isa = PBXFileReference; lastKnownFileType = image.png; path = "popoverArrowLeft-white@2x.png"; sourceTree = "<group>"; };
		B477C5811DC28DA800E63411 /* popoverArrowLeft.png */ = {isa = PBXFileReference; lastKnownFileType = image.png; path = popoverArrowLeft.png; sourceTree = "<group>"; };
		B477C5821DC28DA800E63411 /* popoverArrowLeft@2x.png */ = {isa = PBXFileReference; lastKnownFileType = image.png; path = "popoverArrowLeft@2x.png"; sourceTree = "<group>"; };
		B477C5831DC28DA800E63411 /* popoverArrowLeftSimple.png */ = {isa = PBXFileReference; lastKnownFileType = image.png; path = popoverArrowLeftSimple.png; sourceTree = "<group>"; };
		B477C5841DC28DA800E63411 /* popoverArrowRight-white@2x.png */ = {isa = PBXFileReference; lastKnownFileType = image.png; path = "popoverArrowRight-white@2x.png"; sourceTree = "<group>"; };
		B477C5851DC28DA800E63411 /* popoverArrowRight.png */ = {isa = PBXFileReference; lastKnownFileType = image.png; path = popoverArrowRight.png; sourceTree = "<group>"; };
		B477C5861DC28DA800E63411 /* popoverArrowRight@2x.png */ = {isa = PBXFileReference; lastKnownFileType = image.png; path = "popoverArrowRight@2x.png"; sourceTree = "<group>"; };
		B477C5871DC28DA800E63411 /* popoverArrowRightSimple.png */ = {isa = PBXFileReference; lastKnownFileType = image.png; path = popoverArrowRightSimple.png; sourceTree = "<group>"; };
		B477C5881DC28DA800E63411 /* popoverArrowUp-white@2x.png */ = {isa = PBXFileReference; lastKnownFileType = image.png; path = "popoverArrowUp-white@2x.png"; sourceTree = "<group>"; };
		B477C5891DC28DA800E63411 /* popoverArrowUp.png */ = {isa = PBXFileReference; lastKnownFileType = image.png; path = popoverArrowUp.png; sourceTree = "<group>"; };
		B477C58A1DC28DA800E63411 /* popoverArrowUp@2x.png */ = {isa = PBXFileReference; lastKnownFileType = image.png; path = "popoverArrowUp@2x.png"; sourceTree = "<group>"; };
		B477C58B1DC28DA800E63411 /* popoverArrowUpSimple.png */ = {isa = PBXFileReference; lastKnownFileType = image.png; path = popoverArrowUpSimple.png; sourceTree = "<group>"; };
		B477C58C1DC28DA800E63411 /* popoverBg-white@2x.png */ = {isa = PBXFileReference; lastKnownFileType = image.png; path = "popoverBg-white@2x.png"; sourceTree = "<group>"; };
		B477C58D1DC28DA800E63411 /* popoverBg.png */ = {isa = PBXFileReference; lastKnownFileType = image.png; path = popoverBg.png; sourceTree = "<group>"; };
		B477C58E1DC28DA800E63411 /* popoverBg@2x.png */ = {isa = PBXFileReference; lastKnownFileType = image.png; path = "popoverBg@2x.png"; sourceTree = "<group>"; };
		B477C58F1DC28DA800E63411 /* popoverBgSimple.png */ = {isa = PBXFileReference; lastKnownFileType = image.png; path = popoverBgSimple.png; sourceTree = "<group>"; };
		B477C5901DC28DA800E63411 /* WEPopoverViewController.xib */ = {isa = PBXFileReference; fileEncoding = 4; lastKnownFileType = file.xib; path = WEPopoverViewController.xib; sourceTree = "<group>"; };
		B477ECD31D7149550088FF3B /* MLPAutoCompleteTextField.h */ = {isa = PBXFileReference; fileEncoding = 4; lastKnownFileType = sourcecode.c.h; path = MLPAutoCompleteTextField.h; sourceTree = "<group>"; };
		B477ECD41D7149550088FF3B /* MLPAutoCompleteTextField.m */ = {isa = PBXFileReference; fileEncoding = 4; lastKnownFileType = sourcecode.c.objc; path = MLPAutoCompleteTextField.m; sourceTree = "<group>"; };
		B477ECD51D7149550088FF3B /* MLPAutoCompleteTextFieldDataSource.h */ = {isa = PBXFileReference; fileEncoding = 4; lastKnownFileType = sourcecode.c.h; path = MLPAutoCompleteTextFieldDataSource.h; sourceTree = "<group>"; };
		B477ECD61D7149550088FF3B /* MLPAutoCompleteTextFieldDelegate.h */ = {isa = PBXFileReference; fileEncoding = 4; lastKnownFileType = sourcecode.c.h; path = MLPAutoCompleteTextFieldDelegate.h; sourceTree = "<group>"; };
		B477ECD71D7149550088FF3B /* MLPAutoCompletionObject.h */ = {isa = PBXFileReference; fileEncoding = 4; lastKnownFileType = sourcecode.c.h; path = MLPAutoCompletionObject.h; sourceTree = "<group>"; };
		B477ECD81D7149550088FF3B /* NSString+Levenshtein.h */ = {isa = PBXFileReference; fileEncoding = 4; lastKnownFileType = sourcecode.c.h; path = "NSString+Levenshtein.h"; sourceTree = "<group>"; };
		B477ECD91D7149550088FF3B /* NSString+Levenshtein.m */ = {isa = PBXFileReference; fileEncoding = 4; lastKnownFileType = sourcecode.c.objc; path = "NSString+Levenshtein.m"; sourceTree = "<group>"; };
		B477ECDA1D7149550088FF3B /* MVPlaceSearchTextField.h */ = {isa = PBXFileReference; fileEncoding = 4; lastKnownFileType = sourcecode.c.h; path = MVPlaceSearchTextField.h; sourceTree = "<group>"; };
		B477ECDB1D7149550088FF3B /* MVPlaceSearchTextField.m */ = {isa = PBXFileReference; fileEncoding = 4; lastKnownFileType = sourcecode.c.objc; path = MVPlaceSearchTextField.m; sourceTree = "<group>"; };
		B477ECDC1D7149550088FF3B /* PlaceDetail.h */ = {isa = PBXFileReference; fileEncoding = 4; lastKnownFileType = sourcecode.c.h; path = PlaceDetail.h; sourceTree = "<group>"; };
		B477ECDD1D7149550088FF3B /* PlaceDetail.m */ = {isa = PBXFileReference; fileEncoding = 4; lastKnownFileType = sourcecode.c.objc; path = PlaceDetail.m; sourceTree = "<group>"; };
		B477ECDE1D7149550088FF3B /* PlaceObject.h */ = {isa = PBXFileReference; fileEncoding = 4; lastKnownFileType = sourcecode.c.h; path = PlaceObject.h; sourceTree = "<group>"; };
		B477ECDF1D7149550088FF3B /* PlaceObject.m */ = {isa = PBXFileReference; fileEncoding = 4; lastKnownFileType = sourcecode.c.objc; path = PlaceObject.m; sourceTree = "<group>"; };
		B477ECE91D7188E70088FF3B /* tick.png */ = {isa = PBXFileReference; lastKnownFileType = image.png; path = tick.png; sourceTree = "<group>"; };
		B477ECEC1D71A54E0088FF3B /* ContactList.h */ = {isa = PBXFileReference; fileEncoding = 4; lastKnownFileType = sourcecode.c.h; path = ContactList.h; sourceTree = "<group>"; };
		B477ECED1D71A54E0088FF3B /* ContactList.m */ = {isa = PBXFileReference; fileEncoding = 4; lastKnownFileType = sourcecode.c.objc; path = ContactList.m; sourceTree = "<group>"; };
		B477ECEF1D71A5A50088FF3B /* Contacts.framework */ = {isa = PBXFileReference; lastKnownFileType = wrapper.framework; name = Contacts.framework; path = System/Library/Frameworks/Contacts.framework; sourceTree = SDKROOT; };
		B477ECF11D71A5AC0088FF3B /* AddressBook.framework */ = {isa = PBXFileReference; lastKnownFileType = wrapper.framework; name = AddressBook.framework; path = System/Library/Frameworks/AddressBook.framework; sourceTree = SDKROOT; };
		B477ECF31D71A5B30088FF3B /* AddressBookUI.framework */ = {isa = PBXFileReference; lastKnownFileType = wrapper.framework; name = AddressBookUI.framework; path = System/Library/Frameworks/AddressBookUI.framework; sourceTree = SDKROOT; };
		B477ECF61D71C8670088FF3B /* MPGTextField.h */ = {isa = PBXFileReference; fileEncoding = 4; lastKnownFileType = sourcecode.c.h; path = MPGTextField.h; sourceTree = "<group>"; };
		B477ECF71D71C8670088FF3B /* MPGTextField.m */ = {isa = PBXFileReference; fileEncoding = 4; lastKnownFileType = sourcecode.c.objc; path = MPGTextField.m; sourceTree = "<group>"; };
		B47EDD291D5A00070003A602 /* FreJun.app */ = {isa = PBXFileReference; explicitFileType = wrapper.application; includeInIndex = 0; path = FreJun.app; sourceTree = BUILT_PRODUCTS_DIR; };
		B47EDD2D1D5A00080003A602 /* main.m */ = {isa = PBXFileReference; lastKnownFileType = sourcecode.c.objc; path = main.m; sourceTree = "<group>"; };
		B47EDD2F1D5A00080003A602 /* AppDelegate.h */ = {isa = PBXFileReference; lastKnownFileType = sourcecode.c.h; path = AppDelegate.h; sourceTree = "<group>"; };
		B47EDD301D5A00080003A602 /* AppDelegate.m */ = {isa = PBXFileReference; lastKnownFileType = sourcecode.c.objc; path = AppDelegate.m; sourceTree = "<group>"; };
		B47EDD321D5A00080003A602 /* ViewController.h */ = {isa = PBXFileReference; lastKnownFileType = sourcecode.c.h; path = ViewController.h; sourceTree = "<group>"; };
		B47EDD331D5A00080003A602 /* ViewController.m */ = {isa = PBXFileReference; lastKnownFileType = sourcecode.c.objc; path = ViewController.m; sourceTree = "<group>"; };
		B47EDD361D5A00080003A602 /* Base */ = {isa = PBXFileReference; lastKnownFileType = file.storyboard; name = Base; path = Base.lproj/Main.storyboard; sourceTree = "<group>"; };
		B47EDD391D5A00080003A602 /* FreJun.xcdatamodel */ = {isa = PBXFileReference; lastKnownFileType = wrapper.xcdatamodel; path = FreJun.xcdatamodel; sourceTree = "<group>"; };
		B47EDD3B1D5A00080003A602 /* Assets.xcassets */ = {isa = PBXFileReference; lastKnownFileType = folder.assetcatalog; path = Assets.xcassets; sourceTree = "<group>"; };
		B47EDD3E1D5A00080003A602 /* Base */ = {isa = PBXFileReference; lastKnownFileType = file.storyboard; name = Base; path = Base.lproj/LaunchScreen.storyboard; sourceTree = "<group>"; };
		B47EDD401D5A00080003A602 /* Info.plist */ = {isa = PBXFileReference; lastKnownFileType = text.plist.xml; path = Info.plist; sourceTree = "<group>"; };
		B47EDD451D5A00080003A602 /* FreJunTests.xctest */ = {isa = PBXFileReference; explicitFileType = wrapper.cfbundle; includeInIndex = 0; path = FreJunTests.xctest; sourceTree = BUILT_PRODUCTS_DIR; };
		B47EDD491D5A00080003A602 /* FreJunTests.m */ = {isa = PBXFileReference; lastKnownFileType = sourcecode.c.objc; path = FreJunTests.m; sourceTree = "<group>"; };
		B47EDD4B1D5A00080003A602 /* Info.plist */ = {isa = PBXFileReference; lastKnownFileType = text.plist.xml; path = Info.plist; sourceTree = "<group>"; };
		B47EDD501D5A00080003A602 /* FreJunUITests.xctest */ = {isa = PBXFileReference; explicitFileType = wrapper.cfbundle; includeInIndex = 0; path = FreJunUITests.xctest; sourceTree = BUILT_PRODUCTS_DIR; };
		B47EDD541D5A00080003A602 /* FreJunUITests.m */ = {isa = PBXFileReference; lastKnownFileType = sourcecode.c.objc; path = FreJunUITests.m; sourceTree = "<group>"; };
		B47EDD561D5A00080003A602 /* Info.plist */ = {isa = PBXFileReference; lastKnownFileType = text.plist.xml; path = Info.plist; sourceTree = "<group>"; };
		B47EDD621D5A005E0003A602 /* Podfile */ = {isa = PBXFileReference; fileEncoding = 4; lastKnownFileType = text; path = Podfile; sourceTree = "<group>"; xcLanguageSpecificationIdentifier = xcode.lang.ruby; };
		B47EDD641D5A01A30003A602 /* GoogleService-Info.plist */ = {isa = PBXFileReference; fileEncoding = 4; lastKnownFileType = text.plist.xml; path = "GoogleService-Info.plist"; sourceTree = "<group>"; };
		B4921E591D6361A700BE2C1F /* eventDetailsViewController.h */ = {isa = PBXFileReference; fileEncoding = 4; lastKnownFileType = sourcecode.c.h; path = eventDetailsViewController.h; sourceTree = "<group>"; };
		B4921E5A1D6361A700BE2C1F /* eventDetailsViewController.m */ = {isa = PBXFileReference; fileEncoding = 4; lastKnownFileType = sourcecode.c.objc; path = eventDetailsViewController.m; sourceTree = "<group>"; };
		B4921E5C1D639A8900BE2C1F /* eventRequestViewController.h */ = {isa = PBXFileReference; fileEncoding = 4; lastKnownFileType = sourcecode.c.h; path = eventRequestViewController.h; sourceTree = "<group>"; };
		B4921E5D1D639A8900BE2C1F /* eventRequestViewController.m */ = {isa = PBXFileReference; fileEncoding = 4; lastKnownFileType = sourcecode.c.objc; path = eventRequestViewController.m; sourceTree = "<group>"; };
		B4AA79F81D7DE1BE005829DD /* SearchResultsViewController.h */ = {isa = PBXFileReference; fileEncoding = 4; lastKnownFileType = sourcecode.c.h; path = SearchResultsViewController.h; sourceTree = "<group>"; };
		B4AA79F91D7DE1BE005829DD /* SearchResultsViewController.m */ = {isa = PBXFileReference; fileEncoding = 4; lastKnownFileType = sourcecode.c.objc; path = SearchResultsViewController.m; sourceTree = "<group>"; };
		B4E663FF1D631C3B0034E7B9 /* calenderViewController.h */ = {isa = PBXFileReference; fileEncoding = 4; lastKnownFileType = sourcecode.c.h; path = calenderViewController.h; sourceTree = "<group>"; };
		B4E664001D631C3B0034E7B9 /* calenderViewController.m */ = {isa = PBXFileReference; fileEncoding = 4; lastKnownFileType = sourcecode.c.objc; path = calenderViewController.m; sourceTree = "<group>"; };
/* End PBXFileReference section */

/* Begin PBXFrameworksBuildPhase section */
		B47EDD261D5A00070003A602 /* Frameworks */ = {
			isa = PBXFrameworksBuildPhase;
			buildActionMask = 2147483647;
			files = (
				B477ECF41D71A5B30088FF3B /* AddressBookUI.framework in Frameworks */,
				B4004EA41D841DE6002384CF /* Fabric.framework in Frameworks */,
				B477ECF21D71A5AC0088FF3B /* AddressBook.framework in Frameworks */,
				B477ECF01D71A5A50088FF3B /* Contacts.framework in Frameworks */,
				B4004EA51D841DE6002384CF /* Crashlytics.framework in Frameworks */,
				A11A199D85580B7FF9FECF1C /* libPods-FreJun.a in Frameworks */,
			);
			runOnlyForDeploymentPostprocessing = 0;
		};
		B47EDD421D5A00080003A602 /* Frameworks */ = {
			isa = PBXFrameworksBuildPhase;
			buildActionMask = 2147483647;
			files = (
			);
			runOnlyForDeploymentPostprocessing = 0;
		};
		B47EDD4D1D5A00080003A602 /* Frameworks */ = {
			isa = PBXFrameworksBuildPhase;
			buildActionMask = 2147483647;
			files = (
			);
			runOnlyForDeploymentPostprocessing = 0;
		};
/* End PBXFrameworksBuildPhase section */

/* Begin PBXGroup section */
		83C63CBBA882A281B4494712 /* Pods */ = {
			isa = PBXGroup;
			children = (
				128183CD1CB3BCDF1BE642AA /* Pods-FreJun.debug.xcconfig */,
				1BE849068AA2C4578A9AB8C1 /* Pods-FreJun.release.xcconfig */,
			);
			name = Pods;
			sourceTree = "<group>";
		};
		B40537361D66FC100036FB02 /* Settings */ = {
			isa = PBXGroup;
			children = (
				B40537331D66F5BE0036FB02 /* SettingsTableViewController.h */,
				B40537341D66F5BE0036FB02 /* SettingsTableViewController.m */,
			);
			name = Settings;
			sourceTree = "<group>";
		};
		B40A73751D672B38003CDF57 /* Accounts */ = {
			isa = PBXGroup;
			children = (
				B40537371D66FC550036FB02 /* AccountsTableViewController.h */,
				B40537381D66FC550036FB02 /* AccountsTableViewController.m */,
				B426D3331D70B4AE00624F5F /* accountsTableViewCell.h */,
				B426D3341D70B4AE00624F5F /* accountsTableViewCell.m */,
				B426D3351D70B4AE00624F5F /* accountsTableViewCell.xib */,
			);
			name = Accounts;
			sourceTree = "<group>";
		};
		B40A73761D672BFE003CDF57 /* Delegates */ = {
			isa = PBXGroup;
			children = (
				B47EDD2F1D5A00080003A602 /* AppDelegate.h */,
				B47EDD301D5A00080003A602 /* AppDelegate.m */,
			);
			name = Delegates;
			sourceTree = "<group>";
		};
		B40A73781D672C3A003CDF57 /* Images */ = {
			isa = PBXGroup;
			children = (
				B465CA321D5B05CA00E83C30 /* google-login-button.png */,
				B4392C381D79747500E86E56 /* dust.png */,
				B4392C391D79747500E86E56 /* penc.png */,
				B4392C3A1D79747500E86E56 /* shar.png */,
				B477ECE91D7188E70088FF3B /* tick.png */,
				B465CA481D5B44E000E83C30 /* handle.png */,
				B44024AA1D5C69B1002DB6DE /* login_back_image.jpg */,
				B426D3261D70AE6A00624F5F /* color1.jpg */,
				B426D3271D70AE6A00624F5F /* color2.jpg */,
				B426D3281D70AE6A00624F5F /* color3.jpg */,
				B426D3291D70AE6A00624F5F /* color4.jpg */,
				B426D32A1D70AE6A00624F5F /* color5.jpg */,
			);
			name = Images;
			sourceTree = "<group>";
		};
		B412D3991D673F2600EE09E0 /* Notifications */ = {
			isa = PBXGroup;
			children = (
				B412D3961D6738A200EE09E0 /* NotificationsTableViewController.h */,
				B412D3971D6738A200EE09E0 /* NotificationsTableViewController.m */,
			);
			name = Notifications;
			sourceTree = "<group>";
		};
		B412D39A1D67544C00EE09E0 /* Event Details */ = {
			isa = PBXGroup;
			children = (
				B4921E591D6361A700BE2C1F /* eventDetailsViewController.h */,
				B4921E5A1D6361A700BE2C1F /* eventDetailsViewController.m */,
				B42D7F9E1DF2D95C00B87DFD /* eventInvitaionViewController.h */,
				B42D7F9F1DF2D95C00B87DFD /* eventInvitaionViewController.m */,
			);
			name = "Event Details";
			sourceTree = "<group>";
		};
		B412D39B1D67545700EE09E0 /* Event Request */ = {
			isa = PBXGroup;
			children = (
				B4921E5C1D639A8900BE2C1F /* eventRequestViewController.h */,
				B4921E5D1D639A8900BE2C1F /* eventRequestViewController.m */,
			);
			name = "Event Request";
			sourceTree = "<group>";
		};
		B426D3251D708EB800624F5F /* DataClass */ = {
			isa = PBXGroup;
			children = (
				B426D3221D708EA800624F5F /* dataclass.h */,
				B426D3231D708EA800624F5F /* dataclass.m */,
			);
			name = DataClass;
			sourceTree = "<group>";
		};
		B4392C251D796B0900E86E56 /* SWTableViewCell */ = {
			isa = PBXGroup;
			children = (
				B4392C261D796B0900E86E56 /* NSMutableArray+SWUtilityButtons.h */,
				B4392C271D796B0900E86E56 /* NSMutableArray+SWUtilityButtons.m */,
				B4392C281D796B0900E86E56 /* SWCellScrollView.h */,
				B4392C291D796B0900E86E56 /* SWCellScrollView.m */,
				B4392C2A1D796B0900E86E56 /* SWLongPressGestureRecognizer.h */,
				B4392C2B1D796B0900E86E56 /* SWLongPressGestureRecognizer.m */,
				B4392C2C1D796B0900E86E56 /* SWTableViewCell.h */,
				B4392C2D1D796B0900E86E56 /* SWTableViewCell.m */,
				B4392C2E1D796B0900E86E56 /* SWUtilityButtonTapGestureRecognizer.h */,
				B4392C2F1D796B0900E86E56 /* SWUtilityButtonTapGestureRecognizer.m */,
				B4392C301D796B0900E86E56 /* SWUtilityButtonView.h */,
				B4392C311D796B0900E86E56 /* SWUtilityButtonView.m */,
			);
			name = SWTableViewCell;
			path = PodFiles;
			sourceTree = "<group>";
		};
		B442110F1D6AFDC600CE82CD /* Main View */ = {
			isa = PBXGroup;
			children = (
				B4AA79F81D7DE1BE005829DD /* SearchResultsViewController.h */,
				B4AA79F91D7DE1BE005829DD /* SearchResultsViewController.m */,
				B465CA341D5B092D00E83C30 /* mainViewController.h */,
				B465CA351D5B092D00E83C30 /* mainViewController.m */,
				B426D3381D71269B00624F5F /* mainTableViewCell.h */,
				B426D3391D71269B00624F5F /* mainTableViewCell.m */,
				B426D33A1D71269B00624F5F /* mainTableViewCell.xib */,
			);
			name = "Main View";
			sourceTree = "<group>";
		};
		B44211101D6AFDD700CE82CD /* Login Controllers */ = {
			isa = PBXGroup;
			children = (
				B47EDD321D5A00080003A602 /* ViewController.h */,
				B47EDD331D5A00080003A602 /* ViewController.m */,
			);
			name = "Login Controllers";
			sourceTree = "<group>";
		};
		B44211111D6AFE4000CE82CD /* Calender Controller */ = {
			isa = PBXGroup;
			children = (
				B4E663FF1D631C3B0034E7B9 /* calenderViewController.h */,
				B4E664001D631C3B0034E7B9 /* calenderViewController.m */,
				B4527D6E1D685212006E6969 /* calenderTableViewCell.h */,
				B4527D6F1D685212006E6969 /* calenderTableViewCell.m */,
				B4527D6C1D685147006E6969 /* calenderTableViewCell.xib */,
			);
			name = "Calender Controller";
			sourceTree = "<group>";
		};
		B44211151D6B06BA00CE82CD /* Pereferences Controller */ = {
			isa = PBXGroup;
			children = (
				B44211121D6B02A900CE82CD /* PreferencesTableViewController.h */,
				B44211131D6B02A900CE82CD /* PreferencesTableViewController.m */,
				B424FEAB1D7B0D40005FEDE9 /* UserPrefrencesTableViewController.h */,
				B424FEAC1D7B0D40005FEDE9 /* UserPrefrencesTableViewController.m */,
			);
			name = "Pereferences Controller";
			sourceTree = "<group>";
		};
		B44211161D6B077A00CE82CD /* Add Event Controller */ = {
			isa = PBXGroup;
			children = (
				B41638D81D696AD300B7F015 /* AddEventTableViewController.h */,
				B41638D91D696AD300B7F015 /* AddEventTableViewController.m */,
				B40DC1761D894B4600BA3788 /* EditEventTableViewController.h */,
				B40DC1771D894B4600BA3788 /* EditEventTableViewController.m */,
			);
			name = "Add Event Controller";
			sourceTree = "<group>";
		};
		B465CA371D5B0D7100E83C30 /* SACalendar */ = {
			isa = PBXGroup;
			children = (
				B465CA381D5B0D7100E83C30 /* DateUtil.h */,
				B465CA391D5B0D7100E83C30 /* DateUtil.m */,
				B465CA3A1D5B0D7100E83C30 /* DMLazyScrollView.h */,
				B465CA3B1D5B0D7100E83C30 /* DMLazyScrollView.m */,
				B465CA3C1D5B0D7100E83C30 /* SACalendar.h */,
				B465CA3D1D5B0D7100E83C30 /* SACalendar.m */,
				B465CA3E1D5B0D7100E83C30 /* SACalendarCell.h */,
				B465CA3F1D5B0D7100E83C30 /* SACalendarCell.m */,
				B465CA401D5B0D7100E83C30 /* SACalendarConstants.h */,
			);
			path = SACalendar;
			sourceTree = "<group>";
		};
		B477C5581DC28DA800E63411 /* Classes */ = {
			isa = PBXGroup;
			children = (
				B477C5591DC28DA800E63411 /* Popover */,
				B477C56B1DC28DA800E63411 /* WEColorUtils.h */,
				B477C56C1DC28DA800E63411 /* WEColorUtils.m */,
				B477C56D1DC28DA800E63411 /* WECustomPopoverController.h */,
				B477C56E1DC28DA800E63411 /* WECustomPopoverController.m */,
				B477C56F1DC28DA800E63411 /* WEPopoverAppDelegate.h */,
				B477C5701DC28DA800E63411 /* WEPopoverAppDelegate.m */,
				B477C5711DC28DA800E63411 /* WEPopoverContentViewController.h */,
				B477C5721DC28DA800E63411 /* WEPopoverContentViewController.m */,
				B477C5731DC28DA800E63411 /* WEPopoverTableViewController.h */,
				B477C5741DC28DA800E63411 /* WEPopoverTableViewController.m */,
				B477C5751DC28DA800E63411 /* WEPopoverViewController.h */,
				B477C5761DC28DA800E63411 /* WEPopoverViewController.m */,
			);
			path = Classes;
			sourceTree = "<group>";
		};
		B477C5591DC28DA800E63411 /* Popover */ = {
			isa = PBXGroup;
			children = (
				B477C55A1DC28DA800E63411 /* UIBarButtonItem+WEPopover.h */,
				B477C55B1DC28DA800E63411 /* UIBarButtonItem+WEPopover.m */,
				B477C55C1DC28DA800E63411 /* UIView+WEPopover.h */,
				B477C55D1DC28DA800E63411 /* UIView+WEPopover.m */,
				B477C55E1DC28DA800E63411 /* WEBlockingGestureRecognizer.h */,
				B477C55F1DC28DA800E63411 /* WEBlockingGestureRecognizer.m */,
				B477C5601DC28DA800E63411 /* WEPopoverContainerView.h */,
				B477C5611DC28DA800E63411 /* WEPopoverContainerView.m */,
				B477C5621DC28DA800E63411 /* WEPopoverContainerViewProperties.h */,
				B477C5631DC28DA800E63411 /* WEPopoverContainerViewProperties.m */,
				B477C5641DC28DA800E63411 /* WEPopoverController.h */,
				B477C5651DC28DA800E63411 /* WEPopoverController.m */,
				B477C5661DC28DA800E63411 /* WEPopoverParentView.h */,
				B477C5671DC28DA800E63411 /* WETouchableView.h */,
				B477C5681DC28DA800E63411 /* WETouchableView.m */,
				B477C5691DC28DA800E63411 /* WEWeakReference.h */,
				B477C56A1DC28DA800E63411 /* WEWeakReference.m */,
			);
			path = Popover;
			sourceTree = "<group>";
		};
		B477C5771DC28DA800E63411 /* Resources */ = {
			isa = PBXGroup;
			children = (
				B477C5781DC28DA800E63411 /* MainWindow.xib */,
				B477C5791DC28DA800E63411 /* Popover */,
				B477C5901DC28DA800E63411 /* WEPopoverViewController.xib */,
			);
			path = Resources;
			sourceTree = "<group>";
		};
		B477C5791DC28DA800E63411 /* Popover */ = {
			isa = PBXGroup;
			children = (
				B477C57A1DC28DA800E63411 /* Custom */,
				B477C57C1DC28DA800E63411 /* popoverArrowDown-white@2x.png */,
				B477C57D1DC28DA800E63411 /* popoverArrowDown.png */,
				B477C57E1DC28DA800E63411 /* popoverArrowDown@2x.png */,
				B477C57F1DC28DA800E63411 /* popoverArrowDownSimple.png */,
				B477C5801DC28DA800E63411 /* popoverArrowLeft-white@2x.png */,
				B477C5811DC28DA800E63411 /* popoverArrowLeft.png */,
				B477C5821DC28DA800E63411 /* popoverArrowLeft@2x.png */,
				B477C5831DC28DA800E63411 /* popoverArrowLeftSimple.png */,
				B477C5841DC28DA800E63411 /* popoverArrowRight-white@2x.png */,
				B477C5851DC28DA800E63411 /* popoverArrowRight.png */,
				B477C5861DC28DA800E63411 /* popoverArrowRight@2x.png */,
				B477C5871DC28DA800E63411 /* popoverArrowRightSimple.png */,
				B477C5881DC28DA800E63411 /* popoverArrowUp-white@2x.png */,
				B477C5891DC28DA800E63411 /* popoverArrowUp.png */,
				B477C58A1DC28DA800E63411 /* popoverArrowUp@2x.png */,
				B477C58B1DC28DA800E63411 /* popoverArrowUpSimple.png */,
				B477C58C1DC28DA800E63411 /* popoverBg-white@2x.png */,
				B477C58D1DC28DA800E63411 /* popoverBg.png */,
				B477C58E1DC28DA800E63411 /* popoverBg@2x.png */,
				B477C58F1DC28DA800E63411 /* popoverBgSimple.png */,
			);
			path = Popover;
			sourceTree = "<group>";
		};
		B477C57A1DC28DA800E63411 /* Custom */ = {
			isa = PBXGroup;
			children = (
				B477C57B1DC28DA800E63411 /* CustomPopover.xcassets */,
			);
			path = Custom;
			sourceTree = "<group>";
		};
		B477ECD11D7149550088FF3B /* MVPlaceSearchTextField */ = {
			isa = PBXGroup;
			children = (
				B477ECD21D7149550088FF3B /* MLPAutoCompleteTextField */,
				B477ECDA1D7149550088FF3B /* MVPlaceSearchTextField.h */,
				B477ECDB1D7149550088FF3B /* MVPlaceSearchTextField.m */,
				B477ECDC1D7149550088FF3B /* PlaceDetail.h */,
				B477ECDD1D7149550088FF3B /* PlaceDetail.m */,
				B477ECDE1D7149550088FF3B /* PlaceObject.h */,
				B477ECDF1D7149550088FF3B /* PlaceObject.m */,
			);
			path = MVPlaceSearchTextField;
			sourceTree = "<group>";
		};
		B477ECD21D7149550088FF3B /* MLPAutoCompleteTextField */ = {
			isa = PBXGroup;
			children = (
				B477ECD31D7149550088FF3B /* MLPAutoCompleteTextField.h */,
				B477ECD41D7149550088FF3B /* MLPAutoCompleteTextField.m */,
				B477ECD51D7149550088FF3B /* MLPAutoCompleteTextFieldDataSource.h */,
				B477ECD61D7149550088FF3B /* MLPAutoCompleteTextFieldDelegate.h */,
				B477ECD71D7149550088FF3B /* MLPAutoCompletionObject.h */,
				B477ECD81D7149550088FF3B /* NSString+Levenshtein.h */,
				B477ECD91D7149550088FF3B /* NSString+Levenshtein.m */,
			);
			path = MLPAutoCompleteTextField;
			sourceTree = "<group>";
		};
		B477ECEB1D71A54E0088FF3B /* Contacts */ = {
			isa = PBXGroup;
			children = (
				B477ECEC1D71A54E0088FF3B /* ContactList.h */,
				B477ECED1D71A54E0088FF3B /* ContactList.m */,
			);
			path = Contacts;
			sourceTree = "<group>";
		};
		B477ECF51D71C8670088FF3B /* MPGTextField */ = {
			isa = PBXGroup;
			children = (
				B477ECF61D71C8670088FF3B /* MPGTextField.h */,
				B477ECF71D71C8670088FF3B /* MPGTextField.m */,
			);
			path = MPGTextField;
			sourceTree = "<group>";
		};
		B47EDD201D5A00070003A602 = {
			isa = PBXGroup;
			children = (
				B47EDD621D5A005E0003A602 /* Podfile */,
				B47EDD2B1D5A00080003A602 /* FreJun */,
				B47EDD481D5A00080003A602 /* FreJunTests */,
				B47EDD531D5A00080003A602 /* FreJunUITests */,
				B47EDD2A1D5A00080003A602 /* Products */,
				B4004EA21D841DE6002384CF /* Fabric.framework */,
				B4004EA31D841DE6002384CF /* Crashlytics.framework */,
				BE8D8C20676BCFF051BB8654 /* Frameworks */,
				83C63CBBA882A281B4494712 /* Pods */,
			);
			sourceTree = "<group>";
		};
		B47EDD2A1D5A00080003A602 /* Products */ = {
			isa = PBXGroup;
			children = (
				B47EDD291D5A00070003A602 /* FreJun.app */,
				B47EDD451D5A00080003A602 /* FreJunTests.xctest */,
				B47EDD501D5A00080003A602 /* FreJunUITests.xctest */,
			);
			name = Products;
			sourceTree = "<group>";
		};
		B47EDD2B1D5A00080003A602 /* FreJun */ = {
			isa = PBXGroup;
			children = (
				B453EE531DCB5D1500A5A6A2 /* FreJun.entitlements */,
				B477C5581DC28DA800E63411 /* Classes */,
				B477C5771DC28DA800E63411 /* Resources */,
				B40A73761D672BFE003CDF57 /* Delegates */,
				B44211101D6AFDD700CE82CD /* Login Controllers */,
				B442110F1D6AFDC600CE82CD /* Main View */,
				B412D39A1D67544C00EE09E0 /* Event Details */,
				B412D39B1D67545700EE09E0 /* Event Request */,
				B44211111D6AFE4000CE82CD /* Calender Controller */,
				B40537361D66FC100036FB02 /* Settings */,
				B40A73751D672B38003CDF57 /* Accounts */,
				B412D3991D673F2600EE09E0 /* Notifications */,
				B44211151D6B06BA00CE82CD /* Pereferences Controller */,
				B44211161D6B077A00CE82CD /* Add Event Controller */,
				B465CA371D5B0D7100E83C30 /* SACalendar */,
				B477ECEB1D71A54E0088FF3B /* Contacts */,
				B477ECF51D71C8670088FF3B /* MPGTextField */,
				B426D3251D708EB800624F5F /* DataClass */,
				B47EDD351D5A00080003A602 /* Main.storyboard */,
				B477ECD11D7149550088FF3B /* MVPlaceSearchTextField */,
				B47EDD3B1D5A00080003A602 /* Assets.xcassets */,
				B4392C251D796B0900E86E56 /* SWTableViewCell */,
				B45F92091D71DBB500B69267 /* ZFTokenField.h */,
				B45F920A1D71DBB500B69267 /* ZFTokenField.m */,
				B45F920C1D71DBC200B69267 /* TokenView.xib */,
				B47EDD3D1D5A00080003A602 /* LaunchScreen.storyboard */,
				B47EDD401D5A00080003A602 /* Info.plist */,
				B47EDD641D5A01A30003A602 /* GoogleService-Info.plist */,
				B47EDD381D5A00080003A602 /* FreJun.xcdatamodeld */,
				B40A73781D672C3A003CDF57 /* Images */,
				B47EDD2C1D5A00080003A602 /* Supporting Files */,
			);
			path = FreJun;
			sourceTree = "<group>";
		};
		B47EDD2C1D5A00080003A602 /* Supporting Files */ = {
			isa = PBXGroup;
			children = (
				B41C578B1DC34E4200841211 /* sound2.mp3 */,
				B41C578C1DC34E4200841211 /* sound1.mp3 */,
				B41C578D1DC34E4200841211 /* sound3.mp3 */,
				B41C57911DC34F7000841211 /* sound1.caf */,
				B41C57921DC34F7000841211 /* sound2.caf */,
				B41C57931DC34F7000841211 /* sound3.caf */,
				B47EDD2D1D5A00080003A602 /* main.m */,
				B426D3211D708E1E00624F5F /* PrefixHeader.pch */,
			);
			name = "Supporting Files";
			sourceTree = "<group>";
		};
		B47EDD481D5A00080003A602 /* FreJunTests */ = {
			isa = PBXGroup;
			children = (
				B47EDD491D5A00080003A602 /* FreJunTests.m */,
				B47EDD4B1D5A00080003A602 /* Info.plist */,
			);
			path = FreJunTests;
			sourceTree = "<group>";
		};
		B47EDD531D5A00080003A602 /* FreJunUITests */ = {
			isa = PBXGroup;
			children = (
				B47EDD541D5A00080003A602 /* FreJunUITests.m */,
				B47EDD561D5A00080003A602 /* Info.plist */,
			);
			path = FreJunUITests;
			sourceTree = "<group>";
		};
		BE8D8C20676BCFF051BB8654 /* Frameworks */ = {
			isa = PBXGroup;
			children = (
				B477ECF31D71A5B30088FF3B /* AddressBookUI.framework */,
				B477ECF11D71A5AC0088FF3B /* AddressBook.framework */,
				B477ECEF1D71A5A50088FF3B /* Contacts.framework */,
				6258D8E464508862D16B6A1F /* libPods-FreJun.a */,
			);
			name = Frameworks;
			sourceTree = "<group>";
		};
/* End PBXGroup section */

/* Begin PBXNativeTarget section */
		B47EDD281D5A00070003A602 /* FreJun */ = {
			isa = PBXNativeTarget;
			buildConfigurationList = B47EDD591D5A00080003A602 /* Build configuration list for PBXNativeTarget "FreJun" */;
			buildPhases = (
				744802F4C6414E4C6CB9E7D6 /* [CP] Check Pods Manifest.lock */,
				B47EDD251D5A00070003A602 /* Sources */,
				B47EDD261D5A00070003A602 /* Frameworks */,
				B47EDD271D5A00070003A602 /* Resources */,
				B4004EA11D84147F002384CF /* ShellScript */,
				AAEE99412B889ACB85D18B0D /* [CP] Embed Pods Frameworks */,
				DB78291321D107BD0E853FB3 /* [CP] Copy Pods Resources */,
			);
			buildRules = (
			);
			dependencies = (
			);
			name = FreJun;
			productName = FreJun;
			productReference = B47EDD291D5A00070003A602 /* FreJun.app */;
			productType = "com.apple.product-type.application";
		};
		B47EDD441D5A00080003A602 /* FreJunTests */ = {
			isa = PBXNativeTarget;
			buildConfigurationList = B47EDD5C1D5A00080003A602 /* Build configuration list for PBXNativeTarget "FreJunTests" */;
			buildPhases = (
				B47EDD411D5A00080003A602 /* Sources */,
				B47EDD421D5A00080003A602 /* Frameworks */,
				B47EDD431D5A00080003A602 /* Resources */,
			);
			buildRules = (
			);
			dependencies = (
				B47EDD471D5A00080003A602 /* PBXTargetDependency */,
			);
			name = FreJunTests;
			productName = FreJunTests;
			productReference = B47EDD451D5A00080003A602 /* FreJunTests.xctest */;
			productType = "com.apple.product-type.bundle.unit-test";
		};
		B47EDD4F1D5A00080003A602 /* FreJunUITests */ = {
			isa = PBXNativeTarget;
			buildConfigurationList = B47EDD5F1D5A00080003A602 /* Build configuration list for PBXNativeTarget "FreJunUITests" */;
			buildPhases = (
				B47EDD4C1D5A00080003A602 /* Sources */,
				B47EDD4D1D5A00080003A602 /* Frameworks */,
				B47EDD4E1D5A00080003A602 /* Resources */,
			);
			buildRules = (
			);
			dependencies = (
				B47EDD521D5A00080003A602 /* PBXTargetDependency */,
			);
			name = FreJunUITests;
			productName = FreJunUITests;
			productReference = B47EDD501D5A00080003A602 /* FreJunUITests.xctest */;
			productType = "com.apple.product-type.bundle.ui-testing";
		};
/* End PBXNativeTarget section */

/* Begin PBXProject section */
		B47EDD211D5A00070003A602 /* Project object */ = {
			isa = PBXProject;
			attributes = {
				LastUpgradeCheck = 0730;
				ORGANIZATIONNAME = GOTESO;
				TargetAttributes = {
					B47EDD281D5A00070003A602 = {
						CreatedOnToolsVersion = 7.3;
						DevelopmentTeam = 8C5P67PLD5;
						SystemCapabilities = {
							com.apple.BackgroundModes = {
								enabled = 1;
							};
							com.apple.Push = {
								enabled = 1;
							};
						};
					};
					B47EDD441D5A00080003A602 = {
						CreatedOnToolsVersion = 7.3;
						TestTargetID = B47EDD281D5A00070003A602;
					};
					B47EDD4F1D5A00080003A602 = {
						CreatedOnToolsVersion = 7.3;
						TestTargetID = B47EDD281D5A00070003A602;
					};
				};
			};
			buildConfigurationList = B47EDD241D5A00070003A602 /* Build configuration list for PBXProject "FreJun" */;
			compatibilityVersion = "Xcode 3.2";
			developmentRegion = English;
			hasScannedForEncodings = 0;
			knownRegions = (
				en,
				Base,
			);
			mainGroup = B47EDD201D5A00070003A602;
			productRefGroup = B47EDD2A1D5A00080003A602 /* Products */;
			projectDirPath = "";
			projectRoot = "";
			targets = (
				B47EDD281D5A00070003A602 /* FreJun */,
				B47EDD441D5A00080003A602 /* FreJunTests */,
				B47EDD4F1D5A00080003A602 /* FreJunUITests */,
			);
		};
/* End PBXProject section */

/* Begin PBXResourcesBuildPhase section */
		B47EDD271D5A00070003A602 /* Resources */ = {
			isa = PBXResourcesBuildPhase;
			buildActionMask = 2147483647;
			files = (
				B477C59F1DC28DA800E63411 /* MainWindow.xib in Resources */,
				B426D32E1D70AE6A00624F5F /* color4.jpg in Resources */,
				B41C578F1DC34E4200841211 /* sound1.mp3 in Resources */,
				B477C5A61DC28DA800E63411 /* popoverArrowLeft.png in Resources */,
				B47EDD3F1D5A00080003A602 /* LaunchScreen.storyboard in Resources */,
				B41C57941DC3500100841211 /* sound1.caf in Resources */,
				B41C57951DC3500400841211 /* sound2.caf in Resources */,
				B41C57961DC3500600841211 /* sound3.caf in Resources */,
				B477C5A21DC28DA800E63411 /* popoverArrowDown.png in Resources */,
				B41C57901DC34E4200841211 /* sound3.mp3 in Resources */,
				B41C578E1DC34E4200841211 /* sound2.mp3 in Resources */,
				B477C5B11DC28DA800E63411 /* popoverBg-white@2x.png in Resources */,
				B477C5AD1DC28DA800E63411 /* popoverArrowUp-white@2x.png in Resources */,
				B477C5B31DC28DA800E63411 /* popoverBg@2x.png in Resources */,
				B4527D6D1D685147006E6969 /* calenderTableViewCell.xib in Resources */,
				B477C5AE1DC28DA800E63411 /* popoverArrowUp.png in Resources */,
				B47EDD3C1D5A00080003A602 /* Assets.xcassets in Resources */,
				B477C5B21DC28DA800E63411 /* popoverBg.png in Resources */,
				B47EDD651D5A01A30003A602 /* GoogleService-Info.plist in Resources */,
				B477C5A81DC28DA800E63411 /* popoverArrowLeftSimple.png in Resources */,
				B47EDD631D5A005E0003A602 /* Podfile in Resources */,
				B426D33C1D71269B00624F5F /* mainTableViewCell.xib in Resources */,
				B4392C3D1D79747500E86E56 /* shar.png in Resources */,
				B477C5B01DC28DA800E63411 /* popoverArrowUpSimple.png in Resources */,
				B477C5B41DC28DA800E63411 /* popoverBgSimple.png in Resources */,
				B465CA491D5B44E000E83C30 /* handle.png in Resources */,
				B477C5AB1DC28DA800E63411 /* popoverArrowRight@2x.png in Resources */,
				B426D32B1D70AE6A00624F5F /* color1.jpg in Resources */,
				B477ECEA1D7188E70088FF3B /* tick.png in Resources */,
				B477C5A01DC28DA800E63411 /* CustomPopover.xcassets in Resources */,
				B4392C3C1D79747500E86E56 /* penc.png in Resources */,
				B477C5A11DC28DA800E63411 /* popoverArrowDown-white@2x.png in Resources */,
				B4392C3B1D79747500E86E56 /* dust.png in Resources */,
				B465CA331D5B05CA00E83C30 /* google-login-button.png in Resources */,
				B477C5A71DC28DA800E63411 /* popoverArrowLeft@2x.png in Resources */,
				B426D32F1D70AE6A00624F5F /* color5.jpg in Resources */,
				B477C5B51DC28DA800E63411 /* WEPopoverViewController.xib in Resources */,
				B44024AB1D5C69B1002DB6DE /* login_back_image.jpg in Resources */,
				B426D32C1D70AE6A00624F5F /* color2.jpg in Resources */,
				B45F920D1D71DBC200B69267 /* TokenView.xib in Resources */,
				B426D3371D70B4AE00624F5F /* accountsTableViewCell.xib in Resources */,
				B477C5AF1DC28DA800E63411 /* popoverArrowUp@2x.png in Resources */,
				B477C5AC1DC28DA800E63411 /* popoverArrowRightSimple.png in Resources */,
				B477C5AA1DC28DA800E63411 /* popoverArrowRight.png in Resources */,
				B426D32D1D70AE6A00624F5F /* color3.jpg in Resources */,
				B477C5A41DC28DA800E63411 /* popoverArrowDownSimple.png in Resources */,
				B477C5A51DC28DA800E63411 /* popoverArrowLeft-white@2x.png in Resources */,
				B477C5A91DC28DA800E63411 /* popoverArrowRight-white@2x.png in Resources */,
				B477C5A31DC28DA800E63411 /* popoverArrowDown@2x.png in Resources */,
				B47EDD371D5A00080003A602 /* Main.storyboard in Resources */,
			);
			runOnlyForDeploymentPostprocessing = 0;
		};
		B47EDD431D5A00080003A602 /* Resources */ = {
			isa = PBXResourcesBuildPhase;
			buildActionMask = 2147483647;
			files = (
				B47EDD661D5A01EC0003A602 /* GoogleService-Info.plist in Resources */,
			);
			runOnlyForDeploymentPostprocessing = 0;
		};
		B47EDD4E1D5A00080003A602 /* Resources */ = {
			isa = PBXResourcesBuildPhase;
			buildActionMask = 2147483647;
			files = (
				B47EDD671D5A01ED0003A602 /* GoogleService-Info.plist in Resources */,
			);
			runOnlyForDeploymentPostprocessing = 0;
		};
/* End PBXResourcesBuildPhase section */

/* Begin PBXShellScriptBuildPhase section */
		744802F4C6414E4C6CB9E7D6 /* [CP] Check Pods Manifest.lock */ = {
			isa = PBXShellScriptBuildPhase;
			buildActionMask = 2147483647;
			files = (
			);
			inputPaths = (
			);
			name = "[CP] Check Pods Manifest.lock";
			outputPaths = (
			);
			runOnlyForDeploymentPostprocessing = 0;
			shellPath = /bin/sh;
			shellScript = "diff \"${PODS_ROOT}/../Podfile.lock\" \"${PODS_ROOT}/Manifest.lock\" > /dev/null\nif [ $? != 0 ] ; then\n    # print error to STDERR\n    echo \"error: The sandbox is not in sync with the Podfile.lock. Run 'pod install' or update your CocoaPods installation.\" >&2\n    exit 1\nfi\n";
			showEnvVarsInLog = 0;
		};
		AAEE99412B889ACB85D18B0D /* [CP] Embed Pods Frameworks */ = {
			isa = PBXShellScriptBuildPhase;
			buildActionMask = 2147483647;
			files = (
			);
			inputPaths = (
			);
			name = "[CP] Embed Pods Frameworks";
			outputPaths = (
			);
			runOnlyForDeploymentPostprocessing = 0;
			shellPath = /bin/sh;
			shellScript = "\"${SRCROOT}/Pods/Target Support Files/Pods-FreJun/Pods-FreJun-frameworks.sh\"\n";
			showEnvVarsInLog = 0;
		};
		B4004EA11D84147F002384CF /* ShellScript */ = {
			isa = PBXShellScriptBuildPhase;
			buildActionMask = 2147483647;
			files = (
			);
			inputPaths = (
			);
			outputPaths = (
			);
			runOnlyForDeploymentPostprocessing = 0;
			shellPath = /bin/sh;
			shellScript = "./Fabric.framework/run acc787c3f3d88637aa3bc8aaaa5c11dd75ad072c 5defbf51f1317702d6b59a63c36e3ff4bd97fab32bcc5a7b399edb53ff17baa1";
		};
		DB78291321D107BD0E853FB3 /* [CP] Copy Pods Resources */ = {
			isa = PBXShellScriptBuildPhase;
			buildActionMask = 2147483647;
			files = (
			);
			inputPaths = (
			);
			name = "[CP] Copy Pods Resources";
			outputPaths = (
			);
			runOnlyForDeploymentPostprocessing = 0;
			shellPath = /bin/sh;
			shellScript = "\"${SRCROOT}/Pods/Target Support Files/Pods-FreJun/Pods-FreJun-resources.sh\"\n";
			showEnvVarsInLog = 0;
		};
/* End PBXShellScriptBuildPhase section */

/* Begin PBXSourcesBuildPhase section */
		B47EDD251D5A00070003A602 /* Sources */ = {
			isa = PBXSourcesBuildPhase;
			buildActionMask = 2147483647;
			files = (
				B4E664011D631C3B0034E7B9 /* calenderViewController.m in Sources */,
				B477ECE31D7149550088FF3B /* PlaceDetail.m in Sources */,
				B4392C371D796B0900E86E56 /* SWUtilityButtonView.m in Sources */,
				B477C5991DC28DA800E63411 /* WEColorUtils.m in Sources */,
				B477ECF81D71C8670088FF3B /* MPGTextField.m in Sources */,
				B47EDD341D5A00080003A602 /* ViewController.m in Sources */,
				B477ECE21D7149550088FF3B /* MVPlaceSearchTextField.m in Sources */,
				B412D3981D6738A200EE09E0 /* NotificationsTableViewController.m in Sources */,
				B477C5981DC28DA800E63411 /* WEWeakReference.m in Sources */,
				B426D3241D708EA800624F5F /* dataclass.m in Sources */,
				B47EDD3A1D5A00080003A602 /* FreJun.xcdatamodeld in Sources */,
				B4392C331D796B0900E86E56 /* SWCellScrollView.m in Sources */,
				B477C59A1DC28DA800E63411 /* WECustomPopoverController.m in Sources */,
				B465CA441D5B0D7100E83C30 /* SACalendarCell.m in Sources */,
				B477C5971DC28DA800E63411 /* WETouchableView.m in Sources */,
				B477ECE41D7149550088FF3B /* PlaceObject.m in Sources */,
				B4AA79FA1D7DE1BE005829DD /* SearchResultsViewController.m in Sources */,
				B465CA361D5B092D00E83C30 /* mainViewController.m in Sources */,
				B40DC1781D894B4600BA3788 /* EditEventTableViewController.m in Sources */,
				B426D33B1D71269B00624F5F /* mainTableViewCell.m in Sources */,
				B41638DA1D696AD300B7F015 /* AddEventTableViewController.m in Sources */,
				B465CA421D5B0D7100E83C30 /* DMLazyScrollView.m in Sources */,
				B477ECE11D7149550088FF3B /* NSString+Levenshtein.m in Sources */,
				B465CA411D5B0D7100E83C30 /* DateUtil.m in Sources */,
				B477C59C1DC28DA800E63411 /* WEPopoverContentViewController.m in Sources */,
				B465CA431D5B0D7100E83C30 /* SACalendar.m in Sources */,
				B477C59E1DC28DA800E63411 /* WEPopoverViewController.m in Sources */,
				B40537391D66FC550036FB02 /* AccountsTableViewController.m in Sources */,
				B40537351D66F5BE0036FB02 /* SettingsTableViewController.m in Sources */,
				B4392C351D796B0900E86E56 /* SWTableViewCell.m in Sources */,
				B477C5941DC28DA800E63411 /* WEPopoverContainerView.m in Sources */,
				B477C5921DC28DA800E63411 /* UIView+WEPopover.m in Sources */,
				B477ECEE1D71A54E0088FF3B /* ContactList.m in Sources */,
				B47EDD311D5A00080003A602 /* AppDelegate.m in Sources */,
				B477C5951DC28DA800E63411 /* WEPopoverContainerViewProperties.m in Sources */,
				B477C5931DC28DA800E63411 /* WEBlockingGestureRecognizer.m in Sources */,
				B477C5911DC28DA800E63411 /* UIBarButtonItem+WEPopover.m in Sources */,
				B4527D701D685212006E6969 /* calenderTableViewCell.m in Sources */,
				B4392C341D796B0900E86E56 /* SWLongPressGestureRecognizer.m in Sources */,
				B45F920B1D71DBB500B69267 /* ZFTokenField.m in Sources */,
				B47EDD2E1D5A00080003A602 /* main.m in Sources */,
				B477C5961DC28DA800E63411 /* WEPopoverController.m in Sources */,
				B477C59B1DC28DA800E63411 /* WEPopoverAppDelegate.m in Sources */,
				B42D7FA01DF2D95C00B87DFD /* eventInvitaionViewController.m in Sources */,
				B477C59D1DC28DA800E63411 /* WEPopoverTableViewController.m in Sources */,
				B4921E5B1D6361A700BE2C1F /* eventDetailsViewController.m in Sources */,
				B424FEAD1D7B0D40005FEDE9 /* UserPrefrencesTableViewController.m in Sources */,
				B426D3361D70B4AE00624F5F /* accountsTableViewCell.m in Sources */,
				B4392C321D796B0900E86E56 /* NSMutableArray+SWUtilityButtons.m in Sources */,
				B477ECE01D7149550088FF3B /* MLPAutoCompleteTextField.m in Sources */,
				B44211141D6B02A900CE82CD /* PreferencesTableViewController.m in Sources */,
				B4392C361D796B0900E86E56 /* SWUtilityButtonTapGestureRecognizer.m in Sources */,
				B4921E5E1D639A8900BE2C1F /* eventRequestViewController.m in Sources */,
			);
			runOnlyForDeploymentPostprocessing = 0;
		};
		B47EDD411D5A00080003A602 /* Sources */ = {
			isa = PBXSourcesBuildPhase;
			buildActionMask = 2147483647;
			files = (
				B47EDD4A1D5A00080003A602 /* FreJunTests.m in Sources */,
			);
			runOnlyForDeploymentPostprocessing = 0;
		};
		B47EDD4C1D5A00080003A602 /* Sources */ = {
			isa = PBXSourcesBuildPhase;
			buildActionMask = 2147483647;
			files = (
				B47EDD551D5A00080003A602 /* FreJunUITests.m in Sources */,
			);
			runOnlyForDeploymentPostprocessing = 0;
		};
/* End PBXSourcesBuildPhase section */

/* Begin PBXTargetDependency section */
		B47EDD471D5A00080003A602 /* PBXTargetDependency */ = {
			isa = PBXTargetDependency;
			target = B47EDD281D5A00070003A602 /* FreJun */;
			targetProxy = B47EDD461D5A00080003A602 /* PBXContainerItemProxy */;
		};
		B47EDD521D5A00080003A602 /* PBXTargetDependency */ = {
			isa = PBXTargetDependency;
			target = B47EDD281D5A00070003A602 /* FreJun */;
			targetProxy = B47EDD511D5A00080003A602 /* PBXContainerItemProxy */;
		};
/* End PBXTargetDependency section */

/* Begin PBXVariantGroup section */
		B47EDD351D5A00080003A602 /* Main.storyboard */ = {
			isa = PBXVariantGroup;
			children = (
				B47EDD361D5A00080003A602 /* Base */,
			);
			name = Main.storyboard;
			sourceTree = "<group>";
		};
		B47EDD3D1D5A00080003A602 /* LaunchScreen.storyboard */ = {
			isa = PBXVariantGroup;
			children = (
				B47EDD3E1D5A00080003A602 /* Base */,
			);
			name = LaunchScreen.storyboard;
			sourceTree = "<group>";
		};
/* End PBXVariantGroup section */

/* Begin XCBuildConfiguration section */
		B47EDD571D5A00080003A602 /* Debug */ = {
			isa = XCBuildConfiguration;
			buildSettings = {
				ALWAYS_SEARCH_USER_PATHS = NO;
				CLANG_ANALYZER_NONNULL = YES;
				CLANG_CXX_LANGUAGE_STANDARD = "gnu++0x";
				CLANG_CXX_LIBRARY = "libc++";
				CLANG_ENABLE_MODULES = YES;
				CLANG_ENABLE_OBJC_ARC = YES;
				CLANG_WARN_BOOL_CONVERSION = YES;
				CLANG_WARN_CONSTANT_CONVERSION = YES;
				CLANG_WARN_DIRECT_OBJC_ISA_USAGE = YES_ERROR;
				CLANG_WARN_EMPTY_BODY = YES;
				CLANG_WARN_ENUM_CONVERSION = YES;
				CLANG_WARN_INT_CONVERSION = YES;
				CLANG_WARN_OBJC_ROOT_CLASS = YES_ERROR;
				CLANG_WARN_UNREACHABLE_CODE = YES;
				CLANG_WARN__DUPLICATE_METHOD_MATCH = YES;
				"CODE_SIGN_IDENTITY[sdk=iphoneos*]" = "iPhone Developer";
				COPY_PHASE_STRIP = NO;
				DEBUG_INFORMATION_FORMAT = dwarf;
				ENABLE_STRICT_OBJC_MSGSEND = YES;
				ENABLE_TESTABILITY = YES;
				GCC_C_LANGUAGE_STANDARD = gnu99;
				GCC_DYNAMIC_NO_PIC = NO;
				GCC_NO_COMMON_BLOCKS = YES;
				GCC_OPTIMIZATION_LEVEL = 0;
				GCC_PREPROCESSOR_DEFINITIONS = (
					"DEBUG=1",
					"$(inherited)",
				);
				GCC_WARN_64_TO_32_BIT_CONVERSION = YES;
				GCC_WARN_ABOUT_RETURN_TYPE = YES_ERROR;
				GCC_WARN_UNDECLARED_SELECTOR = YES;
				GCC_WARN_UNINITIALIZED_AUTOS = YES_AGGRESSIVE;
				GCC_WARN_UNUSED_FUNCTION = YES;
				GCC_WARN_UNUSED_VARIABLE = YES;
				IPHONEOS_DEPLOYMENT_TARGET = 9.3;
				MTL_ENABLE_DEBUG_INFO = YES;
				ONLY_ACTIVE_ARCH = YES;
				SDKROOT = iphoneos;
				TARGETED_DEVICE_FAMILY = "1,2";
			};
			name = Debug;
		};
		B47EDD581D5A00080003A602 /* Release */ = {
			isa = XCBuildConfiguration;
			buildSettings = {
				ALWAYS_SEARCH_USER_PATHS = NO;
				CLANG_ANALYZER_NONNULL = YES;
				CLANG_CXX_LANGUAGE_STANDARD = "gnu++0x";
				CLANG_CXX_LIBRARY = "libc++";
				CLANG_ENABLE_MODULES = YES;
				CLANG_ENABLE_OBJC_ARC = YES;
				CLANG_WARN_BOOL_CONVERSION = YES;
				CLANG_WARN_CONSTANT_CONVERSION = YES;
				CLANG_WARN_DIRECT_OBJC_ISA_USAGE = YES_ERROR;
				CLANG_WARN_EMPTY_BODY = YES;
				CLANG_WARN_ENUM_CONVERSION = YES;
				CLANG_WARN_INT_CONVERSION = YES;
				CLANG_WARN_OBJC_ROOT_CLASS = YES_ERROR;
				CLANG_WARN_UNREACHABLE_CODE = YES;
				CLANG_WARN__DUPLICATE_METHOD_MATCH = YES;
				"CODE_SIGN_IDENTITY[sdk=iphoneos*]" = "iPhone Developer";
				COPY_PHASE_STRIP = NO;
				DEBUG_INFORMATION_FORMAT = "dwarf-with-dsym";
				ENABLE_NS_ASSERTIONS = NO;
				ENABLE_STRICT_OBJC_MSGSEND = YES;
				GCC_C_LANGUAGE_STANDARD = gnu99;
				GCC_NO_COMMON_BLOCKS = YES;
				GCC_WARN_64_TO_32_BIT_CONVERSION = YES;
				GCC_WARN_ABOUT_RETURN_TYPE = YES_ERROR;
				GCC_WARN_UNDECLARED_SELECTOR = YES;
				GCC_WARN_UNINITIALIZED_AUTOS = YES_AGGRESSIVE;
				GCC_WARN_UNUSED_FUNCTION = YES;
				GCC_WARN_UNUSED_VARIABLE = YES;
				IPHONEOS_DEPLOYMENT_TARGET = 9.3;
				MTL_ENABLE_DEBUG_INFO = NO;
				SDKROOT = iphoneos;
				TARGETED_DEVICE_FAMILY = "1,2";
				VALIDATE_PRODUCT = YES;
			};
			name = Release;
		};
		B47EDD5A1D5A00080003A602 /* Debug */ = {
			isa = XCBuildConfiguration;
			baseConfigurationReference = 128183CD1CB3BCDF1BE642AA /* Pods-FreJun.debug.xcconfig */;
			buildSettings = {
				ASSETCATALOG_COMPILER_APPICON_NAME = AppIcon;
				CODE_SIGN_ENTITLEMENTS = FreJun/FreJun.entitlements;
				CODE_SIGN_IDENTITY = "iPhone Developer";
				"CODE_SIGN_IDENTITY[sdk=iphoneos*]" = "iPhone Developer";
				DEVELOPMENT_TEAM = 8C5P67PLD5;
				FRAMEWORK_SEARCH_PATHS = (
					"$(inherited)",
					"$(PROJECT_DIR)",
				);
				GCC_PREFIX_HEADER = Frejun/PrefixHeader.pch;
				INFOPLIST_FILE = FreJun/Info.plist;
				IPHONEOS_DEPLOYMENT_TARGET = 9.0;
				LD_RUNPATH_SEARCH_PATHS = "$(inherited) @executable_path/Frameworks";
				PRODUCT_BUNDLE_IDENTIFIER = goteso.FreJun;
				PRODUCT_NAME = "$(TARGET_NAME)";
				PROVISIONING_PROFILE = "1b294a06-c5a1-4b7c-9c94-14dfaf9df199";
				PROVISIONING_PROFILE_SPECIFIER = Frejun;
			};
			name = Debug;
		};
		B47EDD5B1D5A00080003A602 /* Release */ = {
			isa = XCBuildConfiguration;
			baseConfigurationReference = 1BE849068AA2C4578A9AB8C1 /* Pods-FreJun.release.xcconfig */;
			buildSettings = {
				ASSETCATALOG_COMPILER_APPICON_NAME = AppIcon;
				CODE_SIGN_ENTITLEMENTS = FreJun/FreJun.entitlements;
				CODE_SIGN_IDENTITY = "iPhone Developer";
				"CODE_SIGN_IDENTITY[sdk=iphoneos*]" = "iPhone Developer";
				DEVELOPMENT_TEAM = 8C5P67PLD5;
				FRAMEWORK_SEARCH_PATHS = (
					"$(inherited)",
					"$(PROJECT_DIR)",
				);
				GCC_PREFIX_HEADER = Frejun/PrefixHeader.pch;
				INFOPLIST_FILE = FreJun/Info.plist;
				IPHONEOS_DEPLOYMENT_TARGET = 9.0;
				LD_RUNPATH_SEARCH_PATHS = "$(inherited) @executable_path/Frameworks";
				PRODUCT_BUNDLE_IDENTIFIER = goteso.FreJun;
				PRODUCT_NAME = "$(TARGET_NAME)";
				PROVISIONING_PROFILE = "1b294a06-c5a1-4b7c-9c94-14dfaf9df199";
				PROVISIONING_PROFILE_SPECIFIER = Frejun;
			};
			name = Release;
		};
		B47EDD5D1D5A00080003A602 /* Debug */ = {
			isa = XCBuildConfiguration;
			buildSettings = {
				BUNDLE_LOADER = "$(TEST_HOST)";
				INFOPLIST_FILE = FreJunTests/Info.plist;
				LD_RUNPATH_SEARCH_PATHS = "$(inherited) @executable_path/Frameworks @loader_path/Frameworks";
				PRODUCT_BUNDLE_IDENTIFIER = goteso.FreJunTests;
				PRODUCT_NAME = "$(TARGET_NAME)";
				TEST_HOST = "$(BUILT_PRODUCTS_DIR)/FreJun.app/FreJun";
			};
			name = Debug;
		};
		B47EDD5E1D5A00080003A602 /* Release */ = {
			isa = XCBuildConfiguration;
			buildSettings = {
				BUNDLE_LOADER = "$(TEST_HOST)";
				INFOPLIST_FILE = FreJunTests/Info.plist;
				LD_RUNPATH_SEARCH_PATHS = "$(inherited) @executable_path/Frameworks @loader_path/Frameworks";
				PRODUCT_BUNDLE_IDENTIFIER = goteso.FreJunTests;
				PRODUCT_NAME = "$(TARGET_NAME)";
				TEST_HOST = "$(BUILT_PRODUCTS_DIR)/FreJun.app/FreJun";
			};
			name = Release;
		};
		B47EDD601D5A00080003A602 /* Debug */ = {
			isa = XCBuildConfiguration;
			buildSettings = {
				INFOPLIST_FILE = FreJunUITests/Info.plist;
				LD_RUNPATH_SEARCH_PATHS = "$(inherited) @executable_path/Frameworks @loader_path/Frameworks";
				PRODUCT_BUNDLE_IDENTIFIER = goteso.FreJunUITests;
				PRODUCT_NAME = "$(TARGET_NAME)";
				TEST_TARGET_NAME = FreJun;
			};
			name = Debug;
		};
		B47EDD611D5A00080003A602 /* Release */ = {
			isa = XCBuildConfiguration;
			buildSettings = {
				INFOPLIST_FILE = FreJunUITests/Info.plist;
				LD_RUNPATH_SEARCH_PATHS = "$(inherited) @executable_path/Frameworks @loader_path/Frameworks";
				PRODUCT_BUNDLE_IDENTIFIER = goteso.FreJunUITests;
				PRODUCT_NAME = "$(TARGET_NAME)";
				TEST_TARGET_NAME = FreJun;
			};
			name = Release;
		};
/* End XCBuildConfiguration section */

/* Begin XCConfigurationList section */
		B47EDD241D5A00070003A602 /* Build configuration list for PBXProject "FreJun" */ = {
			isa = XCConfigurationList;
			buildConfigurations = (
				B47EDD571D5A00080003A602 /* Debug */,
				B47EDD581D5A00080003A602 /* Release */,
			);
			defaultConfigurationIsVisible = 0;
			defaultConfigurationName = Release;
		};
		B47EDD591D5A00080003A602 /* Build configuration list for PBXNativeTarget "FreJun" */ = {
			isa = XCConfigurationList;
			buildConfigurations = (
				B47EDD5A1D5A00080003A602 /* Debug */,
				B47EDD5B1D5A00080003A602 /* Release */,
			);
			defaultConfigurationIsVisible = 0;
			defaultConfigurationName = Release;
		};
		B47EDD5C1D5A00080003A602 /* Build configuration list for PBXNativeTarget "FreJunTests" */ = {
			isa = XCConfigurationList;
			buildConfigurations = (
				B47EDD5D1D5A00080003A602 /* Debug */,
				B47EDD5E1D5A00080003A602 /* Release */,
			);
			defaultConfigurationIsVisible = 0;
			defaultConfigurationName = Release;
		};
		B47EDD5F1D5A00080003A602 /* Build configuration list for PBXNativeTarget "FreJunUITests" */ = {
			isa = XCConfigurationList;
			buildConfigurations = (
				B47EDD601D5A00080003A602 /* Debug */,
				B47EDD611D5A00080003A602 /* Release */,
			);
			defaultConfigurationIsVisible = 0;
			defaultConfigurationName = Release;
		};
/* End XCConfigurationList section */

/* Begin XCVersionGroup section */
		B47EDD381D5A00080003A602 /* FreJun.xcdatamodeld */ = {
			isa = XCVersionGroup;
			children = (
				B47EDD391D5A00080003A602 /* FreJun.xcdatamodel */,
			);
			currentVersion = B47EDD391D5A00080003A602 /* FreJun.xcdatamodel */;
			path = FreJun.xcdatamodeld;
			sourceTree = "<group>";
			versionGroupType = wrapper.xcdatamodel;
		};
/* End XCVersionGroup section */
	};
	rootObject = B47EDD211D5A00070003A602 /* Project object */;
}
